// !$*UTF8*$!
{
	archiveVersion = 1;
	classes = {
	};
	objectVersion = 56;
	objects = {

/* Begin PBXBuildFile section */
		1142E65729DFB08A00B795F0 /* server.grpc.swift in Sources */ = {isa = PBXBuildFile; fileRef = 1142E65529DFB08A00B795F0 /* server.grpc.swift */; };
		1142E65829DFB08A00B795F0 /* server.grpc.swift in Sources */ = {isa = PBXBuildFile; fileRef = 1142E65529DFB08A00B795F0 /* server.grpc.swift */; };
		1142E65929DFB08A00B795F0 /* server.pb.swift in Sources */ = {isa = PBXBuildFile; fileRef = 1142E65629DFB08A00B795F0 /* server.pb.swift */; };
		1142E65A29DFB08A00B795F0 /* server.pb.swift in Sources */ = {isa = PBXBuildFile; fileRef = 1142E65629DFB08A00B795F0 /* server.pb.swift */; };
		1142E65B29DFB0E800B795F0 /* CreatureServerClient.swift in Sources */ = {isa = PBXBuildFile; fileRef = 11E7CD8529DD21BC0029D031 /* CreatureServerClient.swift */; };
		1142E65E29DFB1A900B795F0 /* Creature.swift in Sources */ = {isa = PBXBuildFile; fileRef = 1142E65D29DFB1A900B795F0 /* Creature.swift */; };
		1142E65F29DFB1A900B795F0 /* Creature.swift in Sources */ = {isa = PBXBuildFile; fileRef = 1142E65D29DFB1A900B795F0 /* Creature.swift */; };
		1142E66229DFB22300B795F0 /* CreatureDetail.swift in Sources */ = {isa = PBXBuildFile; fileRef = 1142E66129DFB22300B795F0 /* CreatureDetail.swift */; };
		1142E66429DFC00700B795F0 /* TimeHelper.swift in Sources */ = {isa = PBXBuildFile; fileRef = 1142E66329DFC00700B795F0 /* TimeHelper.swift */; };
		1142E66529DFC00700B795F0 /* TimeHelper.swift in Sources */ = {isa = PBXBuildFile; fileRef = 1142E66329DFC00700B795F0 /* TimeHelper.swift */; };
		115DADA129DF95890021C4E0 /* Joystick.swift in Sources */ = {isa = PBXBuildFile; fileRef = 115DADA029DF95890021C4E0 /* Joystick.swift */; };
		11703D8C29DD197F00EF7E3D /* Creature_ConsoleApp.swift in Sources */ = {isa = PBXBuildFile; fileRef = 11703D8B29DD197F00EF7E3D /* Creature_ConsoleApp.swift */; };
		11703D8E29DD197F00EF7E3D /* ContentView.swift in Sources */ = {isa = PBXBuildFile; fileRef = 11703D8D29DD197F00EF7E3D /* ContentView.swift */; };
		11703D9029DD198000EF7E3D /* Assets.xcassets in Resources */ = {isa = PBXBuildFile; fileRef = 11703D8F29DD198000EF7E3D /* Assets.xcassets */; };
		11703D9429DD198000EF7E3D /* Preview Assets.xcassets in Resources */ = {isa = PBXBuildFile; fileRef = 11703D9329DD198000EF7E3D /* Preview Assets.xcassets */; };
		11B4820A29E141AB00767E22 /* DataHelper.swift in Sources */ = {isa = PBXBuildFile; fileRef = 11B4820929E141AB00767E22 /* DataHelper.swift */; };
		11B4820B29E141AB00767E22 /* DataHelper.swift in Sources */ = {isa = PBXBuildFile; fileRef = 11B4820929E141AB00767E22 /* DataHelper.swift */; };
		11B4820D29E23A5600767E22 /* Mocks.swift in Sources */ = {isa = PBXBuildFile; fileRef = 11B4820C29E23A5600767E22 /* Mocks.swift */; };
		11B4820E29E23A5600767E22 /* Mocks.swift in Sources */ = {isa = PBXBuildFile; fileRef = 11B4820C29E23A5600767E22 /* Mocks.swift */; };
		11B4821029E23EAB00767E22 /* Sidebar.swift in Sources */ = {isa = PBXBuildFile; fileRef = 11B4820F29E23EAB00767E22 /* Sidebar.swift */; };
		11B4821129E23EAB00767E22 /* Sidebar.swift in Sources */ = {isa = PBXBuildFile; fileRef = 11B4820F29E23EAB00767E22 /* Sidebar.swift */; };
		11B4821329E24F9000767E22 /* CreatureList.swift in Sources */ = {isa = PBXBuildFile; fileRef = 11B4821229E24F9000767E22 /* CreatureList.swift */; };
		11B4821429E24F9000767E22 /* CreatureList.swift in Sources */ = {isa = PBXBuildFile; fileRef = 11B4821229E24F9000767E22 /* CreatureList.swift */; };
		11C326D029DD3FED00B169CD /* Credits.rtf in Resources */ = {isa = PBXBuildFile; fileRef = 11C326CF29DD3FED00B169CD /* Credits.rtf */; };
		11C326D829DD41E900B169CD /* main.swift in Sources */ = {isa = PBXBuildFile; fileRef = 11C326D729DD41E900B169CD /* main.swift */; };
		11E7CD7629DD1A870029D031 /* SwiftProtobuf in Frameworks */ = {isa = PBXBuildFile; productRef = 11E7CD7529DD1A870029D031 /* SwiftProtobuf */; };
		11E7CD7829DD1A870029D031 /* protoc-gen-swift in Frameworks */ = {isa = PBXBuildFile; productRef = 11E7CD7729DD1A870029D031 /* protoc-gen-swift */; };
		11E7CD7B29DD1AB10029D031 /* CGRPCZlib in Frameworks */ = {isa = PBXBuildFile; productRef = 11E7CD7A29DD1AB10029D031 /* CGRPCZlib */; };
		11E7CD7D29DD1AB10029D031 /* GRPC in Frameworks */ = {isa = PBXBuildFile; productRef = 11E7CD7C29DD1AB10029D031 /* GRPC */; };
		11E7CD7F29DD1AB10029D031 /* protoc-gen-grpc-swift in Frameworks */ = {isa = PBXBuildFile; productRef = 11E7CD7E29DD1AB10029D031 /* protoc-gen-grpc-swift */; };
		11E7CD8629DD21BC0029D031 /* CreatureServerClient.swift in Sources */ = {isa = PBXBuildFile; fileRef = 11E7CD8529DD21BC0029D031 /* CreatureServerClient.swift */; };
		11F1757229DD42D800ADD5FB /* SwiftProtobuf in Frameworks */ = {isa = PBXBuildFile; productRef = 11F1757129DD42D800ADD5FB /* SwiftProtobuf */; };
		11F1757429DD42D800ADD5FB /* CGRPCZlib in Frameworks */ = {isa = PBXBuildFile; productRef = 11F1757329DD42D800ADD5FB /* CGRPCZlib */; };
		11F1757629DD42D800ADD5FB /* GRPC in Frameworks */ = {isa = PBXBuildFile; productRef = 11F1757529DD42D800ADD5FB /* GRPC */; };
		11F1757829DD42D800ADD5FB /* ArgumentParser in Frameworks */ = {isa = PBXBuildFile; productRef = 11F1757729DD42D800ADD5FB /* ArgumentParser */; };
		11FA32B629E3749B004C5181 /* SixAxisJoystick.swift in Sources */ = {isa = PBXBuildFile; fileRef = 11FA32B529E3749B004C5181 /* SixAxisJoystick.swift */; };
		11FA32B729E374B8004C5181 /* SixAxisJoystick.swift in Sources */ = {isa = PBXBuildFile; fileRef = 11FA32B529E3749B004C5181 /* SixAxisJoystick.swift */; };
		11FA32B929E3844B004C5181 /* JoystickDebugView.swift in Sources */ = {isa = PBXBuildFile; fileRef = 11FA32B829E3844B004C5181 /* JoystickDebugView.swift */; };
/* End PBXBuildFile section */

/* Begin PBXCopyFilesBuildPhase section */
		11C326D329DD41E900B169CD /* CopyFiles */ = {
			isa = PBXCopyFilesBuildPhase;
			buildActionMask = 2147483647;
			dstPath = /usr/share/man/man1/;
			dstSubfolderSpec = 0;
			files = (
			);
			runOnlyForDeploymentPostprocessing = 1;
		};
/* End PBXCopyFilesBuildPhase section */

/* Begin PBXFileReference section */
		1142E65529DFB08A00B795F0 /* server.grpc.swift */ = {isa = PBXFileReference; fileEncoding = 4; lastKnownFileType = sourcecode.swift; path = server.grpc.swift; sourceTree = "<group>"; };
		1142E65629DFB08A00B795F0 /* server.pb.swift */ = {isa = PBXFileReference; fileEncoding = 4; lastKnownFileType = sourcecode.swift; path = server.pb.swift; sourceTree = "<group>"; };
		1142E65D29DFB1A900B795F0 /* Creature.swift */ = {isa = PBXFileReference; lastKnownFileType = sourcecode.swift; path = Creature.swift; sourceTree = "<group>"; };
		1142E66129DFB22300B795F0 /* CreatureDetail.swift */ = {isa = PBXFileReference; lastKnownFileType = sourcecode.swift; path = CreatureDetail.swift; sourceTree = "<group>"; };
		1142E66329DFC00700B795F0 /* TimeHelper.swift */ = {isa = PBXFileReference; lastKnownFileType = sourcecode.swift; path = TimeHelper.swift; sourceTree = "<group>"; };
		115DAD9F29DF8C4F0021C4E0 /* Creature-Console-Info.plist */ = {isa = PBXFileReference; lastKnownFileType = text.plist; path = "Creature-Console-Info.plist"; sourceTree = SOURCE_ROOT; };
		115DADA029DF95890021C4E0 /* Joystick.swift */ = {isa = PBXFileReference; lastKnownFileType = sourcecode.swift; path = Joystick.swift; sourceTree = "<group>"; };
		11703D8829DD197F00EF7E3D /* Creature Console.app */ = {isa = PBXFileReference; explicitFileType = wrapper.application; includeInIndex = 0; path = "Creature Console.app"; sourceTree = BUILT_PRODUCTS_DIR; };
		11703D8B29DD197F00EF7E3D /* Creature_ConsoleApp.swift */ = {isa = PBXFileReference; lastKnownFileType = sourcecode.swift; path = Creature_ConsoleApp.swift; sourceTree = "<group>"; };
		11703D8D29DD197F00EF7E3D /* ContentView.swift */ = {isa = PBXFileReference; lastKnownFileType = sourcecode.swift; path = ContentView.swift; sourceTree = "<group>"; };
		11703D8F29DD198000EF7E3D /* Assets.xcassets */ = {isa = PBXFileReference; lastKnownFileType = folder.assetcatalog; path = Assets.xcassets; sourceTree = "<group>"; };
		11703D9129DD198000EF7E3D /* Creature_Console.entitlements */ = {isa = PBXFileReference; lastKnownFileType = text.plist.entitlements; path = Creature_Console.entitlements; sourceTree = "<group>"; };
		11703D9329DD198000EF7E3D /* Preview Assets.xcassets */ = {isa = PBXFileReference; lastKnownFileType = folder.assetcatalog; path = "Preview Assets.xcassets"; sourceTree = "<group>"; };
		11B4820929E141AB00767E22 /* DataHelper.swift */ = {isa = PBXFileReference; lastKnownFileType = sourcecode.swift; path = DataHelper.swift; sourceTree = "<group>"; };
		11B4820C29E23A5600767E22 /* Mocks.swift */ = {isa = PBXFileReference; lastKnownFileType = sourcecode.swift; path = Mocks.swift; sourceTree = "<group>"; };
		11B4820F29E23EAB00767E22 /* Sidebar.swift */ = {isa = PBXFileReference; lastKnownFileType = sourcecode.swift; path = Sidebar.swift; sourceTree = "<group>"; };
		11B4821229E24F9000767E22 /* CreatureList.swift */ = {isa = PBXFileReference; lastKnownFileType = sourcecode.swift; path = CreatureList.swift; sourceTree = "<group>"; };
		11C326CF29DD3FED00B169CD /* Credits.rtf */ = {isa = PBXFileReference; lastKnownFileType = text.rtf; path = Credits.rtf; sourceTree = "<group>"; };
		11C326D529DD41E900B169CD /* CreatureCLI */ = {isa = PBXFileReference; explicitFileType = "compiled.mach-o.executable"; includeInIndex = 0; path = CreatureCLI; sourceTree = BUILT_PRODUCTS_DIR; };
		11C326D729DD41E900B169CD /* main.swift */ = {isa = PBXFileReference; lastKnownFileType = sourcecode.swift; path = main.swift; sourceTree = "<group>"; };
		11E7CD8529DD21BC0029D031 /* CreatureServerClient.swift */ = {isa = PBXFileReference; lastKnownFileType = sourcecode.swift; path = CreatureServerClient.swift; sourceTree = "<group>"; };
		11FA32B529E3749B004C5181 /* SixAxisJoystick.swift */ = {isa = PBXFileReference; lastKnownFileType = sourcecode.swift; path = SixAxisJoystick.swift; sourceTree = "<group>"; };
		11FA32B829E3844B004C5181 /* JoystickDebugView.swift */ = {isa = PBXFileReference; lastKnownFileType = sourcecode.swift; path = JoystickDebugView.swift; sourceTree = "<group>"; };
/* End PBXFileReference section */

/* Begin PBXFrameworksBuildPhase section */
		11703D8529DD197F00EF7E3D /* Frameworks */ = {
			isa = PBXFrameworksBuildPhase;
			buildActionMask = 2147483647;
			files = (
				11E7CD7D29DD1AB10029D031 /* GRPC in Frameworks */,
				11E7CD7829DD1A870029D031 /* protoc-gen-swift in Frameworks */,
				11E7CD7629DD1A870029D031 /* SwiftProtobuf in Frameworks */,
				11E7CD7B29DD1AB10029D031 /* CGRPCZlib in Frameworks */,
				11E7CD7F29DD1AB10029D031 /* protoc-gen-grpc-swift in Frameworks */,
			);
			runOnlyForDeploymentPostprocessing = 0;
		};
		11C326D229DD41E900B169CD /* Frameworks */ = {
			isa = PBXFrameworksBuildPhase;
			buildActionMask = 2147483647;
			files = (
				11F1757229DD42D800ADD5FB /* SwiftProtobuf in Frameworks */,
				11F1757429DD42D800ADD5FB /* CGRPCZlib in Frameworks */,
				11F1757829DD42D800ADD5FB /* ArgumentParser in Frameworks */,
				11F1757629DD42D800ADD5FB /* GRPC in Frameworks */,
			);
			runOnlyForDeploymentPostprocessing = 0;
		};
/* End PBXFrameworksBuildPhase section */

/* Begin PBXGroup section */
		1142E65429DFB02600B795F0 /* Messaging */ = {
			isa = PBXGroup;
			children = (
				11E7CD8529DD21BC0029D031 /* CreatureServerClient.swift */,
				1142E65529DFB08A00B795F0 /* server.grpc.swift */,
				1142E65629DFB08A00B795F0 /* server.pb.swift */,
			);
			path = Messaging;
			sourceTree = "<group>";
		};
		1142E65C29DFB19700B795F0 /* Model */ = {
			isa = PBXGroup;
			children = (
				1142E65D29DFB1A900B795F0 /* Creature.swift */,
				11B4820C29E23A5600767E22 /* Mocks.swift */,
				11B4821229E24F9000767E22 /* CreatureList.swift */,
				11FA32B529E3749B004C5181 /* SixAxisJoystick.swift */,
			);
			path = Model;
			sourceTree = "<group>";
		};
		1142E66029DFB21000B795F0 /* View */ = {
			isa = PBXGroup;
			children = (
				1142E66129DFB22300B795F0 /* CreatureDetail.swift */,
				11B4820F29E23EAB00767E22 /* Sidebar.swift */,
				11FA32B829E3844B004C5181 /* JoystickDebugView.swift */,
			);
			path = View;
			sourceTree = "<group>";
		};
		11703D7F29DD197F00EF7E3D = {
			isa = PBXGroup;
			children = (
				1142E65429DFB02600B795F0 /* Messaging */,
				11703D8A29DD197F00EF7E3D /* Creature Console */,
				11C326D629DD41E900B169CD /* CreatureCLI */,
				11703D8929DD197F00EF7E3D /* Products */,
				11F1757029DD42D800ADD5FB /* Frameworks */,
			);
			sourceTree = "<group>";
		};
		11703D8929DD197F00EF7E3D /* Products */ = {
			isa = PBXGroup;
			children = (
				11703D8829DD197F00EF7E3D /* Creature Console.app */,
				11C326D529DD41E900B169CD /* CreatureCLI */,
			);
			name = Products;
			sourceTree = "<group>";
		};
		11703D8A29DD197F00EF7E3D /* Creature Console */ = {
			isa = PBXGroup;
			children = (
				1142E66029DFB21000B795F0 /* View */,
				1142E65C29DFB19700B795F0 /* Model */,
				115DAD9F29DF8C4F0021C4E0 /* Creature-Console-Info.plist */,
				11703D8B29DD197F00EF7E3D /* Creature_ConsoleApp.swift */,
				11703D8D29DD197F00EF7E3D /* ContentView.swift */,
				11703D8F29DD198000EF7E3D /* Assets.xcassets */,
				11703D9129DD198000EF7E3D /* Creature_Console.entitlements */,
				11703D9229DD198000EF7E3D /* Preview Content */,
				11C326CF29DD3FED00B169CD /* Credits.rtf */,
				115DADA029DF95890021C4E0 /* Joystick.swift */,
				1142E66329DFC00700B795F0 /* TimeHelper.swift */,
				11B4820929E141AB00767E22 /* DataHelper.swift */,
			);
			path = "Creature Console";
			sourceTree = "<group>";
		};
		11703D9229DD198000EF7E3D /* Preview Content */ = {
			isa = PBXGroup;
			children = (
				11703D9329DD198000EF7E3D /* Preview Assets.xcassets */,
			);
			path = "Preview Content";
			sourceTree = "<group>";
		};
		11C326D629DD41E900B169CD /* CreatureCLI */ = {
			isa = PBXGroup;
			children = (
				11C326D729DD41E900B169CD /* main.swift */,
			);
			path = CreatureCLI;
			sourceTree = "<group>";
		};
		11F1757029DD42D800ADD5FB /* Frameworks */ = {
			isa = PBXGroup;
			children = (
			);
			name = Frameworks;
			sourceTree = "<group>";
		};
/* End PBXGroup section */

/* Begin PBXNativeTarget section */
		11703D8729DD197F00EF7E3D /* Creature Console */ = {
			isa = PBXNativeTarget;
			buildConfigurationList = 11703D9729DD198000EF7E3D /* Build configuration list for PBXNativeTarget "Creature Console" */;
			buildPhases = (
				11703D8429DD197F00EF7E3D /* Sources */,
				11703D8529DD197F00EF7E3D /* Frameworks */,
				11703D8629DD197F00EF7E3D /* Resources */,
			);
			buildRules = (
			);
			dependencies = (
			);
			name = "Creature Console";
			packageProductDependencies = (
				11E7CD7529DD1A870029D031 /* SwiftProtobuf */,
				11E7CD7729DD1A870029D031 /* protoc-gen-swift */,
				11E7CD7A29DD1AB10029D031 /* CGRPCZlib */,
				11E7CD7C29DD1AB10029D031 /* GRPC */,
				11E7CD7E29DD1AB10029D031 /* protoc-gen-grpc-swift */,
			);
			productName = "Creature Console";
			productReference = 11703D8829DD197F00EF7E3D /* Creature Console.app */;
			productType = "com.apple.product-type.application";
		};
		11C326D429DD41E900B169CD /* CreatureCLI */ = {
			isa = PBXNativeTarget;
			buildConfigurationList = 11C326D929DD41E900B169CD /* Build configuration list for PBXNativeTarget "CreatureCLI" */;
			buildPhases = (
				11C326D129DD41E900B169CD /* Sources */,
				11C326D229DD41E900B169CD /* Frameworks */,
				11C326D329DD41E900B169CD /* CopyFiles */,
			);
			buildRules = (
			);
			dependencies = (
			);
			name = CreatureCLI;
			packageProductDependencies = (
				11F1757129DD42D800ADD5FB /* SwiftProtobuf */,
				11F1757329DD42D800ADD5FB /* CGRPCZlib */,
				11F1757529DD42D800ADD5FB /* GRPC */,
				11F1757729DD42D800ADD5FB /* ArgumentParser */,
			);
			productName = CreatureCLI;
			productReference = 11C326D529DD41E900B169CD /* CreatureCLI */;
			productType = "com.apple.product-type.tool";
		};
/* End PBXNativeTarget section */

/* Begin PBXProject section */
		11703D8029DD197F00EF7E3D /* Project object */ = {
			isa = PBXProject;
			attributes = {
				BuildIndependentTargetsInParallel = 1;
				LastSwiftUpdateCheck = 1420;
				LastUpgradeCheck = 1430;
				TargetAttributes = {
					11703D8729DD197F00EF7E3D = {
						CreatedOnToolsVersion = 14.2;
					};
					11C326D429DD41E900B169CD = {
						CreatedOnToolsVersion = 14.2;
					};
				};
			};
			buildConfigurationList = 11703D8329DD197F00EF7E3D /* Build configuration list for PBXProject "Creature Console" */;
			compatibilityVersion = "Xcode 14.0";
			developmentRegion = en;
			hasScannedForEncodings = 0;
			knownRegions = (
				en,
				Base,
			);
			mainGroup = 11703D7F29DD197F00EF7E3D;
			packageReferences = (
				11E7CD7429DD1A870029D031 /* XCRemoteSwiftPackageReference "swift-protobuf" */,
				11E7CD7929DD1AB10029D031 /* XCRemoteSwiftPackageReference "grpc-swift" */,
				11E7CD8029DD1ACF0029D031 /* XCRemoteSwiftPackageReference "swift-argument-parser" */,
			);
			productRefGroup = 11703D8929DD197F00EF7E3D /* Products */;
			projectDirPath = "";
			projectRoot = "";
			targets = (
				11703D8729DD197F00EF7E3D /* Creature Console */,
				11C326D429DD41E900B169CD /* CreatureCLI */,
			);
		};
/* End PBXProject section */

/* Begin PBXResourcesBuildPhase section */
		11703D8629DD197F00EF7E3D /* Resources */ = {
			isa = PBXResourcesBuildPhase;
			buildActionMask = 2147483647;
			files = (
				11703D9429DD198000EF7E3D /* Preview Assets.xcassets in Resources */,
				11C326D029DD3FED00B169CD /* Credits.rtf in Resources */,
				11703D9029DD198000EF7E3D /* Assets.xcassets in Resources */,
			);
			runOnlyForDeploymentPostprocessing = 0;
		};
/* End PBXResourcesBuildPhase section */

/* Begin PBXSourcesBuildPhase section */
		11703D8429DD197F00EF7E3D /* Sources */ = {
			isa = PBXSourcesBuildPhase;
			buildActionMask = 2147483647;
			files = (
				11B4820D29E23A5600767E22 /* Mocks.swift in Sources */,
				11703D8E29DD197F00EF7E3D /* ContentView.swift in Sources */,
				1142E65929DFB08A00B795F0 /* server.pb.swift in Sources */,
				11FA32B629E3749B004C5181 /* SixAxisJoystick.swift in Sources */,
				11FA32B929E3844B004C5181 /* JoystickDebugView.swift in Sources */,
				1142E66429DFC00700B795F0 /* TimeHelper.swift in Sources */,
				115DADA129DF95890021C4E0 /* Joystick.swift in Sources */,
				1142E65E29DFB1A900B795F0 /* Creature.swift in Sources */,
				11E7CD8629DD21BC0029D031 /* CreatureServerClient.swift in Sources */,
				1142E66229DFB22300B795F0 /* CreatureDetail.swift in Sources */,
				1142E65729DFB08A00B795F0 /* server.grpc.swift in Sources */,
				11703D8C29DD197F00EF7E3D /* Creature_ConsoleApp.swift in Sources */,
				11B4821029E23EAB00767E22 /* Sidebar.swift in Sources */,
				11B4821329E24F9000767E22 /* CreatureList.swift in Sources */,
				11B4820A29E141AB00767E22 /* DataHelper.swift in Sources */,
			);
			runOnlyForDeploymentPostprocessing = 0;
		};
		11C326D129DD41E900B169CD /* Sources */ = {
			isa = PBXSourcesBuildPhase;
			buildActionMask = 2147483647;
			files = (
				11C326D829DD41E900B169CD /* main.swift in Sources */,
				1142E65A29DFB08A00B795F0 /* server.pb.swift in Sources */,
				1142E66529DFC00700B795F0 /* TimeHelper.swift in Sources */,
				11B4820E29E23A5600767E22 /* Mocks.swift in Sources */,
				11B4821429E24F9000767E22 /* CreatureList.swift in Sources */,
				11B4820B29E141AB00767E22 /* DataHelper.swift in Sources */,
				1142E65B29DFB0E800B795F0 /* CreatureServerClient.swift in Sources */,
				1142E65F29DFB1A900B795F0 /* Creature.swift in Sources */,
				11B4821129E23EAB00767E22 /* Sidebar.swift in Sources */,
				11FA32B729E374B8004C5181 /* SixAxisJoystick.swift in Sources */,
				1142E65829DFB08A00B795F0 /* server.grpc.swift in Sources */,
			);
			runOnlyForDeploymentPostprocessing = 0;
		};
/* End PBXSourcesBuildPhase section */

/* Begin XCBuildConfiguration section */
		11703D9529DD198000EF7E3D /* Debug */ = {
			isa = XCBuildConfiguration;
			buildSettings = {
				ALWAYS_SEARCH_USER_PATHS = NO;
				CLANG_ANALYZER_NONNULL = YES;
				CLANG_ANALYZER_NUMBER_OBJECT_CONVERSION = YES_AGGRESSIVE;
				CLANG_CXX_LANGUAGE_STANDARD = "gnu++20";
				CLANG_ENABLE_MODULES = YES;
				CLANG_ENABLE_OBJC_ARC = YES;
				CLANG_ENABLE_OBJC_WEAK = YES;
				CLANG_WARN_BLOCK_CAPTURE_AUTORELEASING = YES;
				CLANG_WARN_BOOL_CONVERSION = YES;
				CLANG_WARN_COMMA = YES;
				CLANG_WARN_CONSTANT_CONVERSION = YES;
				CLANG_WARN_DEPRECATED_OBJC_IMPLEMENTATIONS = YES;
				CLANG_WARN_DIRECT_OBJC_ISA_USAGE = YES_ERROR;
				CLANG_WARN_DOCUMENTATION_COMMENTS = YES;
				CLANG_WARN_EMPTY_BODY = YES;
				CLANG_WARN_ENUM_CONVERSION = YES;
				CLANG_WARN_INFINITE_RECURSION = YES;
				CLANG_WARN_INT_CONVERSION = YES;
				CLANG_WARN_NON_LITERAL_NULL_CONVERSION = YES;
				CLANG_WARN_OBJC_IMPLICIT_RETAIN_SELF = YES;
				CLANG_WARN_OBJC_LITERAL_CONVERSION = YES;
				CLANG_WARN_OBJC_ROOT_CLASS = YES_ERROR;
				CLANG_WARN_QUOTED_INCLUDE_IN_FRAMEWORK_HEADER = YES;
				CLANG_WARN_RANGE_LOOP_ANALYSIS = YES;
				CLANG_WARN_STRICT_PROTOTYPES = YES;
				CLANG_WARN_SUSPICIOUS_MOVE = YES;
				CLANG_WARN_UNGUARDED_AVAILABILITY = YES_AGGRESSIVE;
				CLANG_WARN_UNREACHABLE_CODE = YES;
				CLANG_WARN__DUPLICATE_METHOD_MATCH = YES;
				COPY_PHASE_STRIP = NO;
				DEAD_CODE_STRIPPING = YES;
				DEBUG_INFORMATION_FORMAT = dwarf;
				ENABLE_STRICT_OBJC_MSGSEND = YES;
				ENABLE_TESTABILITY = YES;
				GCC_C_LANGUAGE_STANDARD = gnu11;
				GCC_DYNAMIC_NO_PIC = NO;
				GCC_NO_COMMON_BLOCKS = YES;
				GCC_OPTIMIZATION_LEVEL = 0;
				GCC_PREPROCESSOR_DEFINITIONS = (
					"DEBUG=1",
					"$(inherited)",
				);
				GCC_WARN_64_TO_32_BIT_CONVERSION = YES;
				GCC_WARN_ABOUT_RETURN_TYPE = YES_ERROR;
				GCC_WARN_UNDECLARED_SELECTOR = YES;
				GCC_WARN_UNINITIALIZED_AUTOS = YES_AGGRESSIVE;
				GCC_WARN_UNUSED_FUNCTION = YES;
				GCC_WARN_UNUSED_VARIABLE = YES;
				MTL_ENABLE_DEBUG_INFO = INCLUDE_SOURCE;
				MTL_FAST_MATH = YES;
				ONLY_ACTIVE_ARCH = YES;
				SWIFT_ACTIVE_COMPILATION_CONDITIONS = DEBUG;
				SWIFT_OPTIMIZATION_LEVEL = "-Onone";
			};
			name = Debug;
		};
		11703D9629DD198000EF7E3D /* Release */ = {
			isa = XCBuildConfiguration;
			buildSettings = {
				ALWAYS_SEARCH_USER_PATHS = NO;
				CLANG_ANALYZER_NONNULL = YES;
				CLANG_ANALYZER_NUMBER_OBJECT_CONVERSION = YES_AGGRESSIVE;
				CLANG_CXX_LANGUAGE_STANDARD = "gnu++20";
				CLANG_ENABLE_MODULES = YES;
				CLANG_ENABLE_OBJC_ARC = YES;
				CLANG_ENABLE_OBJC_WEAK = YES;
				CLANG_WARN_BLOCK_CAPTURE_AUTORELEASING = YES;
				CLANG_WARN_BOOL_CONVERSION = YES;
				CLANG_WARN_COMMA = YES;
				CLANG_WARN_CONSTANT_CONVERSION = YES;
				CLANG_WARN_DEPRECATED_OBJC_IMPLEMENTATIONS = YES;
				CLANG_WARN_DIRECT_OBJC_ISA_USAGE = YES_ERROR;
				CLANG_WARN_DOCUMENTATION_COMMENTS = YES;
				CLANG_WARN_EMPTY_BODY = YES;
				CLANG_WARN_ENUM_CONVERSION = YES;
				CLANG_WARN_INFINITE_RECURSION = YES;
				CLANG_WARN_INT_CONVERSION = YES;
				CLANG_WARN_NON_LITERAL_NULL_CONVERSION = YES;
				CLANG_WARN_OBJC_IMPLICIT_RETAIN_SELF = YES;
				CLANG_WARN_OBJC_LITERAL_CONVERSION = YES;
				CLANG_WARN_OBJC_ROOT_CLASS = YES_ERROR;
				CLANG_WARN_QUOTED_INCLUDE_IN_FRAMEWORK_HEADER = YES;
				CLANG_WARN_RANGE_LOOP_ANALYSIS = YES;
				CLANG_WARN_STRICT_PROTOTYPES = YES;
				CLANG_WARN_SUSPICIOUS_MOVE = YES;
				CLANG_WARN_UNGUARDED_AVAILABILITY = YES_AGGRESSIVE;
				CLANG_WARN_UNREACHABLE_CODE = YES;
				CLANG_WARN__DUPLICATE_METHOD_MATCH = YES;
				COPY_PHASE_STRIP = NO;
				DEAD_CODE_STRIPPING = YES;
				DEBUG_INFORMATION_FORMAT = "dwarf-with-dsym";
				ENABLE_NS_ASSERTIONS = NO;
				ENABLE_STRICT_OBJC_MSGSEND = YES;
				GCC_C_LANGUAGE_STANDARD = gnu11;
				GCC_NO_COMMON_BLOCKS = YES;
				GCC_WARN_64_TO_32_BIT_CONVERSION = YES;
				GCC_WARN_ABOUT_RETURN_TYPE = YES_ERROR;
				GCC_WARN_UNDECLARED_SELECTOR = YES;
				GCC_WARN_UNINITIALIZED_AUTOS = YES_AGGRESSIVE;
				GCC_WARN_UNUSED_FUNCTION = YES;
				GCC_WARN_UNUSED_VARIABLE = YES;
				MTL_ENABLE_DEBUG_INFO = NO;
				MTL_FAST_MATH = YES;
				SWIFT_COMPILATION_MODE = wholemodule;
				SWIFT_OPTIMIZATION_LEVEL = "-O";
			};
			name = Release;
		};
		11703D9829DD198000EF7E3D /* Debug */ = {
			isa = XCBuildConfiguration;
			buildSettings = {
				ASSETCATALOG_COMPILER_APPICON_NAME = AppIcon;
				ASSETCATALOG_COMPILER_GLOBAL_ACCENT_COLOR_NAME = AccentColor;
				CODE_SIGN_ENTITLEMENTS = "Creature Console/Creature_Console.entitlements";
				CODE_SIGN_STYLE = Automatic;
				CURRENT_PROJECT_VERSION = 1;
				DEAD_CODE_STRIPPING = YES;
				DEVELOPMENT_ASSET_PATHS = "\"Creature Console/Preview Content\"";
				DEVELOPMENT_TEAM = YQ8A74NDMJ;
				ENABLE_HARDENED_RUNTIME = YES;
				ENABLE_PREVIEWS = YES;
				GENERATE_INFOPLIST_FILE = YES;
				INFOPLIST_FILE = "Creature-Console-Info.plist";
				INFOPLIST_KEY_LSApplicationCategoryType = "public.app-category.developer-tools";
				"INFOPLIST_KEY_UIApplicationSceneManifest_Generation[sdk=iphoneos*]" = YES;
				"INFOPLIST_KEY_UIApplicationSceneManifest_Generation[sdk=iphonesimulator*]" = YES;
				"INFOPLIST_KEY_UIApplicationSupportsIndirectInputEvents[sdk=iphoneos*]" = YES;
				"INFOPLIST_KEY_UIApplicationSupportsIndirectInputEvents[sdk=iphonesimulator*]" = YES;
				"INFOPLIST_KEY_UILaunchScreen_Generation[sdk=iphoneos*]" = YES;
				"INFOPLIST_KEY_UILaunchScreen_Generation[sdk=iphonesimulator*]" = YES;
				INFOPLIST_KEY_UIStatusBarStyle = "";
				"INFOPLIST_KEY_UIStatusBarStyle[sdk=iphoneos*]" = UIStatusBarStyleDefault;
				"INFOPLIST_KEY_UIStatusBarStyle[sdk=iphonesimulator*]" = UIStatusBarStyleDefault;
				INFOPLIST_KEY_UISupportedInterfaceOrientations_iPad = "UIInterfaceOrientationPortrait UIInterfaceOrientationPortraitUpsideDown UIInterfaceOrientationLandscapeLeft UIInterfaceOrientationLandscapeRight";
				INFOPLIST_KEY_UISupportedInterfaceOrientations_iPhone = "UIInterfaceOrientationPortrait UIInterfaceOrientationLandscapeLeft UIInterfaceOrientationLandscapeRight";
				IPHONEOS_DEPLOYMENT_TARGET = 16.2;
				LD_RUNPATH_SEARCH_PATHS = "@executable_path/Frameworks";
				"LD_RUNPATH_SEARCH_PATHS[sdk=macosx*]" = "@executable_path/../Frameworks";
				MACOSX_DEPLOYMENT_TARGET = 13.1;
				MARKETING_VERSION = 1.0;
				PRODUCT_BUNDLE_IDENTIFIER = "io.opsnlops.Creature-Console";
				PRODUCT_NAME = "$(TARGET_NAME)";
				SDKROOT = auto;
				SUPPORTED_PLATFORMS = "appletvos appletvsimulator iphoneos iphonesimulator macosx";
				SUPPORTS_MACCATALYST = NO;
				SUPPORTS_MAC_DESIGNED_FOR_IPHONE_IPAD = NO;
				SWIFT_EMIT_LOC_STRINGS = YES;
				SWIFT_VERSION = 5.0;
				TARGETED_DEVICE_FAMILY = "1,2,3";
			};
			name = Debug;
		};
		11703D9929DD198000EF7E3D /* Release */ = {
			isa = XCBuildConfiguration;
			buildSettings = {
				ASSETCATALOG_COMPILER_APPICON_NAME = AppIcon;
				ASSETCATALOG_COMPILER_GLOBAL_ACCENT_COLOR_NAME = AccentColor;
				CODE_SIGN_ENTITLEMENTS = "Creature Console/Creature_Console.entitlements";
				CODE_SIGN_STYLE = Automatic;
				CURRENT_PROJECT_VERSION = 1;
				DEAD_CODE_STRIPPING = YES;
				DEVELOPMENT_ASSET_PATHS = "\"Creature Console/Preview Content\"";
				DEVELOPMENT_TEAM = YQ8A74NDMJ;
				ENABLE_HARDENED_RUNTIME = YES;
				ENABLE_PREVIEWS = YES;
				GENERATE_INFOPLIST_FILE = YES;
				INFOPLIST_FILE = "Creature-Console-Info.plist";
				INFOPLIST_KEY_LSApplicationCategoryType = "public.app-category.developer-tools";
				"INFOPLIST_KEY_UIApplicationSceneManifest_Generation[sdk=iphoneos*]" = YES;
				"INFOPLIST_KEY_UIApplicationSceneManifest_Generation[sdk=iphonesimulator*]" = YES;
				"INFOPLIST_KEY_UIApplicationSupportsIndirectInputEvents[sdk=iphoneos*]" = YES;
				"INFOPLIST_KEY_UIApplicationSupportsIndirectInputEvents[sdk=iphonesimulator*]" = YES;
				"INFOPLIST_KEY_UILaunchScreen_Generation[sdk=iphoneos*]" = YES;
				"INFOPLIST_KEY_UILaunchScreen_Generation[sdk=iphonesimulator*]" = YES;
				INFOPLIST_KEY_UIStatusBarStyle = "";
				"INFOPLIST_KEY_UIStatusBarStyle[sdk=iphoneos*]" = UIStatusBarStyleDefault;
				"INFOPLIST_KEY_UIStatusBarStyle[sdk=iphonesimulator*]" = UIStatusBarStyleDefault;
				INFOPLIST_KEY_UISupportedInterfaceOrientations_iPad = "UIInterfaceOrientationPortrait UIInterfaceOrientationPortraitUpsideDown UIInterfaceOrientationLandscapeLeft UIInterfaceOrientationLandscapeRight";
				INFOPLIST_KEY_UISupportedInterfaceOrientations_iPhone = "UIInterfaceOrientationPortrait UIInterfaceOrientationLandscapeLeft UIInterfaceOrientationLandscapeRight";
				IPHONEOS_DEPLOYMENT_TARGET = 16.2;
				LD_RUNPATH_SEARCH_PATHS = "@executable_path/Frameworks";
				"LD_RUNPATH_SEARCH_PATHS[sdk=macosx*]" = "@executable_path/../Frameworks";
				MACOSX_DEPLOYMENT_TARGET = 13.1;
				MARKETING_VERSION = 1.0;
				PRODUCT_BUNDLE_IDENTIFIER = "io.opsnlops.Creature-Console";
				PRODUCT_NAME = "$(TARGET_NAME)";
				SDKROOT = auto;
				SUPPORTED_PLATFORMS = "appletvos appletvsimulator iphoneos iphonesimulator macosx";
				SUPPORTS_MACCATALYST = NO;
				SUPPORTS_MAC_DESIGNED_FOR_IPHONE_IPAD = NO;
				SWIFT_EMIT_LOC_STRINGS = YES;
				SWIFT_VERSION = 5.0;
				TARGETED_DEVICE_FAMILY = "1,2,3";
			};
			name = Release;
		};
		11C326DA29DD41E900B169CD /* Debug */ = {
			isa = XCBuildConfiguration;
			buildSettings = {
				CODE_SIGN_STYLE = Automatic;
				DEAD_CODE_STRIPPING = YES;
				DEVELOPMENT_TEAM = YQ8A74NDMJ;
				ENABLE_HARDENED_RUNTIME = YES;
				MACOSX_DEPLOYMENT_TARGET = 13.1;
				PRODUCT_NAME = "$(TARGET_NAME)";
				SDKROOT = macosx;
				SWIFT_VERSION = 5.0;
			};
			name = Debug;
		};
		11C326DB29DD41E900B169CD /* Release */ = {
			isa = XCBuildConfiguration;
			buildSettings = {
				CODE_SIGN_STYLE = Automatic;
				DEAD_CODE_STRIPPING = YES;
				DEVELOPMENT_TEAM = YQ8A74NDMJ;
				ENABLE_HARDENED_RUNTIME = YES;
				MACOSX_DEPLOYMENT_TARGET = 13.1;
				PRODUCT_NAME = "$(TARGET_NAME)";
				SDKROOT = macosx;
				SWIFT_VERSION = 5.0;
			};
			name = Release;
		};
/* End XCBuildConfiguration section */

/* Begin XCConfigurationList section */
		11703D8329DD197F00EF7E3D /* Build configuration list for PBXProject "Creature Console" */ = {
			isa = XCConfigurationList;
			buildConfigurations = (
				11703D9529DD198000EF7E3D /* Debug */,
				11703D9629DD198000EF7E3D /* Release */,
			);
			defaultConfigurationIsVisible = 0;
			defaultConfigurationName = Release;
		};
		11703D9729DD198000EF7E3D /* Build configuration list for PBXNativeTarget "Creature Console" */ = {
			isa = XCConfigurationList;
			buildConfigurations = (
				11703D9829DD198000EF7E3D /* Debug */,
				11703D9929DD198000EF7E3D /* Release */,
			);
			defaultConfigurationIsVisible = 0;
			defaultConfigurationName = Release;
		};
		11C326D929DD41E900B169CD /* Build configuration list for PBXNativeTarget "CreatureCLI" */ = {
			isa = XCConfigurationList;
			buildConfigurations = (
				11C326DA29DD41E900B169CD /* Debug */,
				11C326DB29DD41E900B169CD /* Release */,
			);
			defaultConfigurationIsVisible = 0;
			defaultConfigurationName = Release;
		};
/* End XCConfigurationList section */

/* Begin XCRemoteSwiftPackageReference section */
		11E7CD7429DD1A870029D031 /* XCRemoteSwiftPackageReference "swift-protobuf" */ = {
			isa = XCRemoteSwiftPackageReference;
			repositoryURL = "https://github.com/apple/swift-protobuf.git";
			requirement = {
				kind = upToNextMajorVersion;
				minimumVersion = 1.0.0;
			};
		};
		11E7CD7929DD1AB10029D031 /* XCRemoteSwiftPackageReference "grpc-swift" */ = {
			isa = XCRemoteSwiftPackageReference;
			repositoryURL = "https://github.com/grpc/grpc-swift";
			requirement = {
				branch = main;
				kind = branch;
			};
		};
		11E7CD8029DD1ACF0029D031 /* XCRemoteSwiftPackageReference "swift-argument-parser" */ = {
			isa = XCRemoteSwiftPackageReference;
			repositoryURL = "https://github.com/apple/swift-argument-parser.git";
			requirement = {
				kind = upToNextMajorVersion;
				minimumVersion = 1.0.0;
			};
		};
/* End XCRemoteSwiftPackageReference section */

/* Begin XCSwiftPackageProductDependency section */
		11E7CD7529DD1A870029D031 /* SwiftProtobuf */ = {
			isa = XCSwiftPackageProductDependency;
			package = 11E7CD7429DD1A870029D031 /* XCRemoteSwiftPackageReference "swift-protobuf" */;
			productName = SwiftProtobuf;
		};
		11E7CD7729DD1A870029D031 /* protoc-gen-swift */ = {
			isa = XCSwiftPackageProductDependency;
			package = 11E7CD7429DD1A870029D031 /* XCRemoteSwiftPackageReference "swift-protobuf" */;
			productName = "protoc-gen-swift";
		};
		11E7CD7A29DD1AB10029D031 /* CGRPCZlib */ = {
			isa = XCSwiftPackageProductDependency;
			package = 11E7CD7929DD1AB10029D031 /* XCRemoteSwiftPackageReference "grpc-swift" */;
			productName = CGRPCZlib;
		};
		11E7CD7C29DD1AB10029D031 /* GRPC */ = {
			isa = XCSwiftPackageProductDependency;
			package = 11E7CD7929DD1AB10029D031 /* XCRemoteSwiftPackageReference "grpc-swift" */;
			productName = GRPC;
		};
		11E7CD7E29DD1AB10029D031 /* protoc-gen-grpc-swift */ = {
			isa = XCSwiftPackageProductDependency;
			package = 11E7CD7929DD1AB10029D031 /* XCRemoteSwiftPackageReference "grpc-swift" */;
			productName = "protoc-gen-grpc-swift";
		};
		11F1757129DD42D800ADD5FB /* SwiftProtobuf */ = {
			isa = XCSwiftPackageProductDependency;
			package = 11E7CD7429DD1A870029D031 /* XCRemoteSwiftPackageReference "swift-protobuf" */;
			productName = SwiftProtobuf;
		};
		11F1757329DD42D800ADD5FB /* CGRPCZlib */ = {
			isa = XCSwiftPackageProductDependency;
			package = 11E7CD7929DD1AB10029D031 /* XCRemoteSwiftPackageReference "grpc-swift" */;
			productName = CGRPCZlib;
		};
		11F1757529DD42D800ADD5FB /* GRPC */ = {
			isa = XCSwiftPackageProductDependency;
			package = 11E7CD7929DD1AB10029D031 /* XCRemoteSwiftPackageReference "grpc-swift" */;
			productName = GRPC;
		};
		11F1757729DD42D800ADD5FB /* ArgumentParser */ = {
			isa = XCSwiftPackageProductDependency;
			package = 11E7CD8029DD1ACF0029D031 /* XCRemoteSwiftPackageReference "swift-argument-parser" */;
			productName = ArgumentParser;
		};
/* End XCSwiftPackageProductDependency section */
	};
	rootObject = 11703D8029DD197F00EF7E3D /* Project object */;
}
