// !$*UTF8*$!
{
	archiveVersion = 1;
	classes = {
	};
	objectVersion = 56;
	objects = {

/* Begin PBXBuildFile section */
		110B12612A2491C5002C5585 /* VirtualJoystick.swift in Sources */ = {isa = PBXBuildFile; fileRef = 11C03AD329E3CDF4002E6720 /* VirtualJoystick.swift */; };
		110CABE42A9596DD007769E4 /* SoundData.swift in Sources */ = {isa = PBXBuildFile; fileRef = 110CABE32A9596DD007769E4 /* SoundData.swift */; };
		110CABE82A959A00007769E4 /* SoundDataImporter.swift in Sources */ = {isa = PBXBuildFile; fileRef = 110CABE72A959A00007769E4 /* SoundDataImporter.swift */; };
		110CABEA2A95A077007769E4 /* SoundDataProcessor.swift in Sources */ = {isa = PBXBuildFile; fileRef = 110CABE92A95A077007769E4 /* SoundDataProcessor.swift */; };
		110E0C2F29FF431B00154649 /* AnimationIdentifier.swift in Sources */ = {isa = PBXBuildFile; fileRef = 110E0C2E29FF431B00154649 /* AnimationIdentifier.swift */; };
		1110EFF92B8D9C2300A00B89 /* ChannelAxisMapping.swift in Sources */ = {isa = PBXBuildFile; fileRef = 1110EFF82B8D9C2300A00B89 /* ChannelAxisMapping.swift */; };
		11181BA22A04B4F4004FCD1F /* AnimationDetail.swift in Sources */ = {isa = PBXBuildFile; fileRef = 11181BA12A04B4F4004FCD1F /* AnimationDetail.swift */; };
		11218E802B67522500AFFF65 /* Joystick.swift in Sources */ = {isa = PBXBuildFile; fileRef = 11218E7F2B67522500AFFF65 /* Joystick.swift */; };
		1122A7A82A22E2D100D60464 /* Animation.swift in Sources */ = {isa = PBXBuildFile; fileRef = 11A10A5A29F23BE6000EB835 /* Animation.swift */; };
		1122A7AA2A22E2E100D60464 /* CreatureType.swift in Sources */ = {isa = PBXBuildFile; fileRef = 1131762F29FF067B008B35E8 /* CreatureType.swift */; };
		1122A7AB2A22E2E400D60464 /* AnimationIdentifier.swift in Sources */ = {isa = PBXBuildFile; fileRef = 110E0C2E29FF431B00154649 /* AnimationIdentifier.swift */; };
		1122A7AC2A22E2E800D60464 /* StorageManager.swift in Sources */ = {isa = PBXBuildFile; fileRef = 113896B82A0CA3B40055BA70 /* StorageManager.swift */; };
		1122A7AD2A22E2EC00D60464 /* AudioManager.swift in Sources */ = {isa = PBXBuildFile; fileRef = 11BC3C392A0DF62300410F63 /* AudioManager.swift */; };
		1122A7AE2A22E2F800D60464 /* JoystickHandler.swift in Sources */ = {isa = PBXBuildFile; fileRef = 115DADA029DF95890021C4E0 /* JoystickHandler.swift */; };
		1122A7AF2A22E31F00D60464 /* EventLoop.swift in Sources */ = {isa = PBXBuildFile; fileRef = 11C2E0DF29ECF6D500B8A4F5 /* EventLoop.swift */; };
		1122A7B12A22E67900D60464 /* MotorType.swift in Sources */ = {isa = PBXBuildFile; fileRef = 1122A7B02A22E67900D60464 /* MotorType.swift */; };
		1122A7B22A22E67900D60464 /* MotorType.swift in Sources */ = {isa = PBXBuildFile; fileRef = 1122A7B02A22E67900D60464 /* MotorType.swift */; };
		1122A7B72A24440100D60464 /* AppState.swift in Sources */ = {isa = PBXBuildFile; fileRef = 1122A7B62A24440100D60464 /* AppState.swift */; };
		1122A7B82A24440100D60464 /* AppState.swift in Sources */ = {isa = PBXBuildFile; fileRef = 1122A7B62A24440100D60464 /* AppState.swift */; };
		1131763029FF067B008B35E8 /* CreatureType.swift in Sources */ = {isa = PBXBuildFile; fileRef = 1131762F29FF067B008B35E8 /* CreatureType.swift */; };
		1131763229FF0B66008B35E8 /* CategoryList.swift in Sources */ = {isa = PBXBuildFile; fileRef = 1131763129FF0B66008B35E8 /* CategoryList.swift */; };
		113896B52A0768860055BA70 /* AnimationEditor.swift in Sources */ = {isa = PBXBuildFile; fileRef = 113896B42A0768860055BA70 /* AnimationEditor.swift */; };
		113896B92A0CA3B40055BA70 /* StorageManager.swift in Sources */ = {isa = PBXBuildFile; fileRef = 113896B82A0CA3B40055BA70 /* StorageManager.swift */; };
		113896BB2A0CA4FC0055BA70 /* AudioFilePicker.swift in Sources */ = {isa = PBXBuildFile; fileRef = 113896BA2A0CA4FC0055BA70 /* AudioFilePicker.swift */; };
		1142E65729DFB08A00B795F0 /* server.grpc.swift in Sources */ = {isa = PBXBuildFile; fileRef = 1142E65529DFB08A00B795F0 /* server.grpc.swift */; };
		1142E65829DFB08A00B795F0 /* server.grpc.swift in Sources */ = {isa = PBXBuildFile; fileRef = 1142E65529DFB08A00B795F0 /* server.grpc.swift */; };
		1142E65929DFB08A00B795F0 /* server.pb.swift in Sources */ = {isa = PBXBuildFile; fileRef = 1142E65629DFB08A00B795F0 /* server.pb.swift */; };
		1142E65A29DFB08A00B795F0 /* server.pb.swift in Sources */ = {isa = PBXBuildFile; fileRef = 1142E65629DFB08A00B795F0 /* server.pb.swift */; };
		1142E65E29DFB1A900B795F0 /* Creature.swift in Sources */ = {isa = PBXBuildFile; fileRef = 1142E65D29DFB1A900B795F0 /* Creature.swift */; };
		1142E65F29DFB1A900B795F0 /* Creature.swift in Sources */ = {isa = PBXBuildFile; fileRef = 1142E65D29DFB1A900B795F0 /* Creature.swift */; };
		1142E66229DFB22300B795F0 /* CreatureDetail.swift in Sources */ = {isa = PBXBuildFile; fileRef = 1142E66129DFB22300B795F0 /* CreatureDetail.swift */; };
		1142E66429DFC00700B795F0 /* TimeHelper.swift in Sources */ = {isa = PBXBuildFile; fileRef = 1142E66329DFC00700B795F0 /* TimeHelper.swift */; };
		1142E66529DFC00700B795F0 /* TimeHelper.swift in Sources */ = {isa = PBXBuildFile; fileRef = 1142E66329DFC00700B795F0 /* TimeHelper.swift */; };
		114C9AB22A117A620025D40B /* AnimationWaveformEditor.swift in Sources */ = {isa = PBXBuildFile; fileRef = 114C9AB12A117A620025D40B /* AnimationWaveformEditor.swift */; };
		1156650F2A35826D002CD4CC /* CreatureIdentifier.swift in Sources */ = {isa = PBXBuildFile; fileRef = 1156650E2A35826D002CD4CC /* CreatureIdentifier.swift */; };
		115B32402A918A5300E9D583 /* Playlist.swift in Sources */ = {isa = PBXBuildFile; fileRef = 115B323F2A918A5300E9D583 /* Playlist.swift */; };
		115B32422A918A9D00E9D583 /* PlaylistItem.swift in Sources */ = {isa = PBXBuildFile; fileRef = 115B32412A918A9D00E9D583 /* PlaylistItem.swift */; };
		115B32442A91945300E9D583 /* GrossHacksSettingsView.swift in Sources */ = {isa = PBXBuildFile; fileRef = 115B32432A91945300E9D583 /* GrossHacksSettingsView.swift */; };
		115DADA129DF95890021C4E0 /* JoystickHandler.swift in Sources */ = {isa = PBXBuildFile; fileRef = 115DADA029DF95890021C4E0 /* JoystickHandler.swift */; };
		1168DC972B4F98B800A9895A /* AprilsCreatureWorkshopJoystick.swift in Sources */ = {isa = PBXBuildFile; fileRef = 1168DC962B4F98B800A9895A /* AprilsCreatureWorkshopJoystick.swift */; };
		1168DC992B4F99E000A9895A /* IOKit.framework in Frameworks */ = {isa = PBXBuildFile; fileRef = 1168DC982B4F99E000A9895A /* IOKit.framework */; };
		1168DC9B2B4FB2BE00A9895A /* ACWJoystickDebugView.swift in Sources */ = {isa = PBXBuildFile; fileRef = 1168DC9A2B4FB2BE00A9895A /* ACWJoystickDebugView.swift */; };
		1168DC9D2B4FB58800A9895A /* ACWDebugJoystickScene.swift in Sources */ = {isa = PBXBuildFile; fileRef = 1168DC9C2B4FB58800A9895A /* ACWDebugJoystickScene.swift */; };
		11703D8C29DD197F00EF7E3D /* CreatureConsole.swift in Sources */ = {isa = PBXBuildFile; fileRef = 11703D8B29DD197F00EF7E3D /* CreatureConsole.swift */; };
		11703D8E29DD197F00EF7E3D /* TopContentView.swift in Sources */ = {isa = PBXBuildFile; fileRef = 11703D8D29DD197F00EF7E3D /* TopContentView.swift */; };
		11703D9029DD198000EF7E3D /* Assets.xcassets in Resources */ = {isa = PBXBuildFile; fileRef = 11703D8F29DD198000EF7E3D /* Assets.xcassets */; };
		11703D9429DD198000EF7E3D /* Preview Assets.xcassets in Resources */ = {isa = PBXBuildFile; fileRef = 11703D9329DD198000EF7E3D /* Preview Assets.xcassets */; };
		117EB24B2A3413C1001208C8 /* PlayAnimation.swift in Sources */ = {isa = PBXBuildFile; fileRef = 117EB24A2A3413C1001208C8 /* PlayAnimation.swift */; };
		117EB24C2A3413C1001208C8 /* PlayAnimation.swift in Sources */ = {isa = PBXBuildFile; fileRef = 117EB24A2A3413C1001208C8 /* PlayAnimation.swift */; };
		118A737C29EB68EA00EF8CDB /* LogViewModel.swift in Sources */ = {isa = PBXBuildFile; fileRef = 118A737B29EB68EA00EF8CDB /* LogViewModel.swift */; };
		118A738029EB772900EF8CDB /* LogViewView.swift in Sources */ = {isa = PBXBuildFile; fileRef = 118A737F29EB772900EF8CDB /* LogViewView.swift */; };
		118A738229EB780A00EF8CDB /* LogViewScene.swift in Sources */ = {isa = PBXBuildFile; fileRef = 118A738129EB780A00EF8CDB /* LogViewScene.swift */; };
		118A738429EBB2CF00EF8CDB /* InterfaceSettings.swift in Sources */ = {isa = PBXBuildFile; fileRef = 118A738329EBB2CF00EF8CDB /* InterfaceSettings.swift */; };
		118BF8712A253F1000D80AE6 /* recordingCountdownSound.flac in Resources */ = {isa = PBXBuildFile; fileRef = 118BF8702A253F1000D80AE6 /* recordingCountdownSound.flac */; };
		118BF8732A255F5300D80AE6 /* AnimationTable.swift in Sources */ = {isa = PBXBuildFile; fileRef = 118BF8722A255F5300D80AE6 /* AnimationTable.swift */; };
		119A016329EE297800D3DA12 /* BarChart.swift in Sources */ = {isa = PBXBuildFile; fileRef = 119A016229EE297800D3DA12 /* BarChart.swift */; };
		119A016629EE4C2600D3DA12 /* AdvancedSettings.swift in Sources */ = {isa = PBXBuildFile; fileRef = 119A016529EE4C2600D3DA12 /* AdvancedSettings.swift */; };
		11A10A5B29F23BE6000EB835 /* Animation.swift in Sources */ = {isa = PBXBuildFile; fileRef = 11A10A5A29F23BE6000EB835 /* Animation.swift */; };
		11A10A5E29F242B7000EB835 /* RecordAnimation.swift in Sources */ = {isa = PBXBuildFile; fileRef = 11A10A5D29F242B7000EB835 /* RecordAnimation.swift */; };
		11B4820A29E141AB00767E22 /* DataHelper.swift in Sources */ = {isa = PBXBuildFile; fileRef = 11B4820929E141AB00767E22 /* DataHelper.swift */; };
		11B4820B29E141AB00767E22 /* DataHelper.swift in Sources */ = {isa = PBXBuildFile; fileRef = 11B4820929E141AB00767E22 /* DataHelper.swift */; };
		11B4821329E24F9000767E22 /* CreatureList.swift in Sources */ = {isa = PBXBuildFile; fileRef = 11B4821229E24F9000767E22 /* CreatureList.swift */; };
		11B4821429E24F9000767E22 /* CreatureList.swift in Sources */ = {isa = PBXBuildFile; fileRef = 11B4821229E24F9000767E22 /* CreatureList.swift */; };
		11BC3C3A2A0DF62300410F63 /* AudioManager.swift in Sources */ = {isa = PBXBuildFile; fileRef = 11BC3C392A0DF62300410F63 /* AudioManager.swift */; };
		11C03AD029E3C346002E6720 /* CreatureEdit.swift in Sources */ = {isa = PBXBuildFile; fileRef = 11C03ACF29E3C346002E6720 /* CreatureEdit.swift */; };
		11C03AD429E3CDF4002E6720 /* VirtualJoystick.swift in Sources */ = {isa = PBXBuildFile; fileRef = 11C03AD329E3CDF4002E6720 /* VirtualJoystick.swift */; };
		11C2E0DD29ECA4F100B8A4F5 /* ByteChartView.swift in Sources */ = {isa = PBXBuildFile; fileRef = 11C2E0DC29ECA4F100B8A4F5 /* ByteChartView.swift */; };
		11C2E0E029ECF6D500B8A4F5 /* EventLoop.swift in Sources */ = {isa = PBXBuildFile; fileRef = 11C2E0DF29ECF6D500B8A4F5 /* EventLoop.swift */; };
		11C326D029DD3FED00B169CD /* Credits.rtfd in Resources */ = {isa = PBXBuildFile; fileRef = 11C326CF29DD3FED00B169CD /* Credits.rtfd */; };
		11C326D829DD41E900B169CD /* top.swift in Sources */ = {isa = PBXBuildFile; fileRef = 11C326D729DD41E900B169CD /* top.swift */; };
		11C699042A34596B00A79985 /* ServerError.swift in Sources */ = {isa = PBXBuildFile; fileRef = 11C699032A34596B00A79985 /* ServerError.swift */; };
		11C699052A34596B00A79985 /* ServerError.swift in Sources */ = {isa = PBXBuildFile; fileRef = 11C699032A34596B00A79985 /* ServerError.swift */; };
		11C699072A3459B000A79985 /* AudioError.swift in Sources */ = {isa = PBXBuildFile; fileRef = 11C699062A3459B000A79985 /* AudioError.swift */; };
		11C699082A3459B000A79985 /* AudioError.swift in Sources */ = {isa = PBXBuildFile; fileRef = 11C699062A3459B000A79985 /* AudioError.swift */; };
		11C6990A2A34FFC500A79985 /* AnimationErrors.swift in Sources */ = {isa = PBXBuildFile; fileRef = 11C699092A34FFC500A79985 /* AnimationErrors.swift */; };
		11C6990B2A34FFC500A79985 /* AnimationErrors.swift in Sources */ = {isa = PBXBuildFile; fileRef = 11C699092A34FFC500A79985 /* AnimationErrors.swift */; };
		11DD93B329E666D200089EC6 /* StreamJoystick.swift in Sources */ = {isa = PBXBuildFile; fileRef = 11DD93B229E666D200089EC6 /* StreamJoystick.swift */; };
		11E4E51E2BB53038007C6525 /* TestSwiftUIView.swift in Sources */ = {isa = PBXBuildFile; fileRef = 11E4E51D2BB53038007C6525 /* TestSwiftUIView.swift */; };
		11E7CD7629DD1A870029D031 /* SwiftProtobuf in Frameworks */ = {isa = PBXBuildFile; productRef = 11E7CD7529DD1A870029D031 /* SwiftProtobuf */; };
		11E7CD7829DD1A870029D031 /* protoc-gen-swift in Frameworks */ = {isa = PBXBuildFile; productRef = 11E7CD7729DD1A870029D031 /* protoc-gen-swift */; };
		11E7CD7B29DD1AB10029D031 /* CGRPCZlib in Frameworks */ = {isa = PBXBuildFile; productRef = 11E7CD7A29DD1AB10029D031 /* CGRPCZlib */; };
		11E7CD7D29DD1AB10029D031 /* GRPC in Frameworks */ = {isa = PBXBuildFile; productRef = 11E7CD7C29DD1AB10029D031 /* GRPC */; };
		11E7CD7F29DD1AB10029D031 /* protoc-gen-grpc-swift in Frameworks */ = {isa = PBXBuildFile; productRef = 11E7CD7E29DD1AB10029D031 /* protoc-gen-grpc-swift */; };
		11E7CD8629DD21BC0029D031 /* CreatureServerClient.swift in Sources */ = {isa = PBXBuildFile; fileRef = 11E7CD8529DD21BC0029D031 /* CreatureServerClient.swift */; };
		11ED919A2A917D66000756BF /* Playlists.swift in Sources */ = {isa = PBXBuildFile; fileRef = 11ED91992A917D66000756BF /* Playlists.swift */; };
		11ED919C2A917E01000756BF /* PlaylistErrors.swift in Sources */ = {isa = PBXBuildFile; fileRef = 11ED919B2A917E01000756BF /* PlaylistErrors.swift */; };
		11F1757229DD42D800ADD5FB /* SwiftProtobuf in Frameworks */ = {isa = PBXBuildFile; productRef = 11F1757129DD42D800ADD5FB /* SwiftProtobuf */; };
		11F1757429DD42D800ADD5FB /* CGRPCZlib in Frameworks */ = {isa = PBXBuildFile; productRef = 11F1757329DD42D800ADD5FB /* CGRPCZlib */; };
		11F1757629DD42D800ADD5FB /* GRPC in Frameworks */ = {isa = PBXBuildFile; productRef = 11F1757529DD42D800ADD5FB /* GRPC */; };
		11F1757829DD42D800ADD5FB /* ArgumentParser in Frameworks */ = {isa = PBXBuildFile; productRef = 11F1757729DD42D800ADD5FB /* ArgumentParser */; };
		11F4BA5729EA7DF300078790 /* SettingsView.swift in Sources */ = {isa = PBXBuildFile; fileRef = 11F4BA5629EA7DF300078790 /* SettingsView.swift */; };
		11F4BA5929EA7E4A00078790 /* NetworkSettingsView.swift in Sources */ = {isa = PBXBuildFile; fileRef = 11F4BA5829EA7E4A00078790 /* NetworkSettingsView.swift */; };
		11F4BA5B29EA7EA200078790 /* JoystickSettingsView.swift in Sources */ = {isa = PBXBuildFile; fileRef = 11F4BA5A29EA7EA200078790 /* JoystickSettingsView.swift */; };
		11FA32B629E3749B004C5181 /* SixAxisJoystick.swift in Sources */ = {isa = PBXBuildFile; fileRef = 11FA32B529E3749B004C5181 /* SixAxisJoystick.swift */; };
		11FA32B729E374B8004C5181 /* SixAxisJoystick.swift in Sources */ = {isa = PBXBuildFile; fileRef = 11FA32B529E3749B004C5181 /* SixAxisJoystick.swift */; };
		11FA32B929E3844B004C5181 /* JoystickDebugView.swift in Sources */ = {isa = PBXBuildFile; fileRef = 11FA32B829E3844B004C5181 /* JoystickDebugView.swift */; };
		11FA32BB29E3A337004C5181 /* DebugJoystickScene.swift in Sources */ = {isa = PBXBuildFile; fileRef = 11FA32BA29E3A337004C5181 /* DebugJoystickScene.swift */; };
/* End PBXBuildFile section */

/* Begin PBXCopyFilesBuildPhase section */
		11C326D329DD41E900B169CD /* CopyFiles */ = {
			isa = PBXCopyFilesBuildPhase;
			buildActionMask = 2147483647;
			dstPath = /usr/share/man/man1/;
			dstSubfolderSpec = 0;
			files = (
			);
			runOnlyForDeploymentPostprocessing = 1;
		};
/* End PBXCopyFilesBuildPhase section */

/* Begin PBXFileReference section */
		110CABE32A9596DD007769E4 /* SoundData.swift */ = {isa = PBXFileReference; lastKnownFileType = sourcecode.swift; path = SoundData.swift; sourceTree = "<group>"; };
		110CABE72A959A00007769E4 /* SoundDataImporter.swift */ = {isa = PBXFileReference; lastKnownFileType = sourcecode.swift; path = SoundDataImporter.swift; sourceTree = "<group>"; };
		110CABE92A95A077007769E4 /* SoundDataProcessor.swift */ = {isa = PBXFileReference; lastKnownFileType = sourcecode.swift; path = SoundDataProcessor.swift; sourceTree = "<group>"; };
		110E0C2E29FF431B00154649 /* AnimationIdentifier.swift */ = {isa = PBXFileReference; lastKnownFileType = sourcecode.swift; path = AnimationIdentifier.swift; sourceTree = "<group>"; };
		1110EFF82B8D9C2300A00B89 /* ChannelAxisMapping.swift */ = {isa = PBXFileReference; lastKnownFileType = sourcecode.swift; path = ChannelAxisMapping.swift; sourceTree = "<group>"; };
		11181BA12A04B4F4004FCD1F /* AnimationDetail.swift */ = {isa = PBXFileReference; lastKnownFileType = sourcecode.swift; path = AnimationDetail.swift; sourceTree = "<group>"; };
		11218E7F2B67522500AFFF65 /* Joystick.swift */ = {isa = PBXFileReference; lastKnownFileType = sourcecode.swift; path = Joystick.swift; sourceTree = "<group>"; };
		1122A7B02A22E67900D60464 /* MotorType.swift */ = {isa = PBXFileReference; lastKnownFileType = sourcecode.swift; path = MotorType.swift; sourceTree = "<group>"; };
		1122A7B62A24440100D60464 /* AppState.swift */ = {isa = PBXFileReference; lastKnownFileType = sourcecode.swift; path = AppState.swift; sourceTree = "<group>"; };
		1131762F29FF067B008B35E8 /* CreatureType.swift */ = {isa = PBXFileReference; lastKnownFileType = sourcecode.swift; path = CreatureType.swift; sourceTree = "<group>"; };
		1131763129FF0B66008B35E8 /* CategoryList.swift */ = {isa = PBXFileReference; lastKnownFileType = sourcecode.swift; path = CategoryList.swift; sourceTree = "<group>"; };
		113896B42A0768860055BA70 /* AnimationEditor.swift */ = {isa = PBXFileReference; lastKnownFileType = sourcecode.swift; path = AnimationEditor.swift; sourceTree = "<group>"; };
		113896B82A0CA3B40055BA70 /* StorageManager.swift */ = {isa = PBXFileReference; lastKnownFileType = sourcecode.swift; path = StorageManager.swift; sourceTree = "<group>"; };
		113896BA2A0CA4FC0055BA70 /* AudioFilePicker.swift */ = {isa = PBXFileReference; lastKnownFileType = sourcecode.swift; path = AudioFilePicker.swift; sourceTree = "<group>"; };
		1142E65529DFB08A00B795F0 /* server.grpc.swift */ = {isa = PBXFileReference; fileEncoding = 4; lastKnownFileType = sourcecode.swift; path = server.grpc.swift; sourceTree = "<group>"; };
		1142E65629DFB08A00B795F0 /* server.pb.swift */ = {isa = PBXFileReference; fileEncoding = 4; lastKnownFileType = sourcecode.swift; path = server.pb.swift; sourceTree = "<group>"; };
		1142E65D29DFB1A900B795F0 /* Creature.swift */ = {isa = PBXFileReference; lastKnownFileType = sourcecode.swift; path = Creature.swift; sourceTree = "<group>"; };
		1142E66129DFB22300B795F0 /* CreatureDetail.swift */ = {isa = PBXFileReference; lastKnownFileType = sourcecode.swift; path = CreatureDetail.swift; sourceTree = "<group>"; };
		1142E66329DFC00700B795F0 /* TimeHelper.swift */ = {isa = PBXFileReference; lastKnownFileType = sourcecode.swift; path = TimeHelper.swift; sourceTree = "<group>"; };
		114C9AB12A117A620025D40B /* AnimationWaveformEditor.swift */ = {isa = PBXFileReference; lastKnownFileType = sourcecode.swift; path = AnimationWaveformEditor.swift; sourceTree = "<group>"; };
		1156650E2A35826D002CD4CC /* CreatureIdentifier.swift */ = {isa = PBXFileReference; lastKnownFileType = sourcecode.swift; path = CreatureIdentifier.swift; sourceTree = "<group>"; };
		115B323F2A918A5300E9D583 /* Playlist.swift */ = {isa = PBXFileReference; lastKnownFileType = sourcecode.swift; path = Playlist.swift; sourceTree = "<group>"; };
		115B32412A918A9D00E9D583 /* PlaylistItem.swift */ = {isa = PBXFileReference; lastKnownFileType = sourcecode.swift; path = PlaylistItem.swift; sourceTree = "<group>"; };
		115B32432A91945300E9D583 /* GrossHacksSettingsView.swift */ = {isa = PBXFileReference; lastKnownFileType = sourcecode.swift; path = GrossHacksSettingsView.swift; sourceTree = "<group>"; };
		115DAD9F29DF8C4F0021C4E0 /* Creature-Console-Info.plist */ = {isa = PBXFileReference; lastKnownFileType = text.plist; path = "Creature-Console-Info.plist"; sourceTree = SOURCE_ROOT; };
		115DADA029DF95890021C4E0 /* JoystickHandler.swift */ = {isa = PBXFileReference; lastKnownFileType = sourcecode.swift; path = JoystickHandler.swift; sourceTree = "<group>"; };
		11631B7C2A919FDB008F4375 /* Creature ConsoleDebug.entitlements */ = {isa = PBXFileReference; lastKnownFileType = text.plist.entitlements; path = "Creature ConsoleDebug.entitlements"; sourceTree = "<group>"; };
		1168DC962B4F98B800A9895A /* AprilsCreatureWorkshopJoystick.swift */ = {isa = PBXFileReference; lastKnownFileType = sourcecode.swift; path = AprilsCreatureWorkshopJoystick.swift; sourceTree = "<group>"; };
		1168DC982B4F99E000A9895A /* IOKit.framework */ = {isa = PBXFileReference; lastKnownFileType = wrapper.framework; name = IOKit.framework; path = Platforms/iPhoneOS.platform/Developer/SDKs/iPhoneOS17.2.sdk/System/Library/Frameworks/IOKit.framework; sourceTree = DEVELOPER_DIR; };
		1168DC9A2B4FB2BE00A9895A /* ACWJoystickDebugView.swift */ = {isa = PBXFileReference; lastKnownFileType = sourcecode.swift; path = ACWJoystickDebugView.swift; sourceTree = "<group>"; };
		1168DC9C2B4FB58800A9895A /* ACWDebugJoystickScene.swift */ = {isa = PBXFileReference; lastKnownFileType = sourcecode.swift; path = ACWDebugJoystickScene.swift; sourceTree = "<group>"; };
		11703D8829DD197F00EF7E3D /* Creature Console.app */ = {isa = PBXFileReference; explicitFileType = wrapper.application; includeInIndex = 0; path = "Creature Console.app"; sourceTree = BUILT_PRODUCTS_DIR; };
		11703D8B29DD197F00EF7E3D /* CreatureConsole.swift */ = {isa = PBXFileReference; lastKnownFileType = sourcecode.swift; path = CreatureConsole.swift; sourceTree = "<group>"; };
		11703D8D29DD197F00EF7E3D /* TopContentView.swift */ = {isa = PBXFileReference; lastKnownFileType = sourcecode.swift; path = TopContentView.swift; sourceTree = "<group>"; };
		11703D8F29DD198000EF7E3D /* Assets.xcassets */ = {isa = PBXFileReference; lastKnownFileType = folder.assetcatalog; path = Assets.xcassets; sourceTree = "<group>"; };
		11703D9329DD198000EF7E3D /* Preview Assets.xcassets */ = {isa = PBXFileReference; lastKnownFileType = folder.assetcatalog; path = "Preview Assets.xcassets"; sourceTree = "<group>"; };
		117EB24A2A3413C1001208C8 /* PlayAnimation.swift */ = {isa = PBXFileReference; lastKnownFileType = sourcecode.swift; path = PlayAnimation.swift; sourceTree = "<group>"; };
		118A737B29EB68EA00EF8CDB /* LogViewModel.swift */ = {isa = PBXFileReference; lastKnownFileType = sourcecode.swift; path = LogViewModel.swift; sourceTree = "<group>"; };
		118A737F29EB772900EF8CDB /* LogViewView.swift */ = {isa = PBXFileReference; lastKnownFileType = sourcecode.swift; path = LogViewView.swift; sourceTree = "<group>"; };
		118A738129EB780A00EF8CDB /* LogViewScene.swift */ = {isa = PBXFileReference; lastKnownFileType = sourcecode.swift; path = LogViewScene.swift; sourceTree = "<group>"; };
		118A738329EBB2CF00EF8CDB /* InterfaceSettings.swift */ = {isa = PBXFileReference; lastKnownFileType = sourcecode.swift; path = InterfaceSettings.swift; sourceTree = "<group>"; };
		118BF8702A253F1000D80AE6 /* recordingCountdownSound.flac */ = {isa = PBXFileReference; lastKnownFileType = file; path = recordingCountdownSound.flac; sourceTree = "<group>"; };
		118BF8722A255F5300D80AE6 /* AnimationTable.swift */ = {isa = PBXFileReference; lastKnownFileType = sourcecode.swift; path = AnimationTable.swift; sourceTree = "<group>"; };
		119A016229EE297800D3DA12 /* BarChart.swift */ = {isa = PBXFileReference; lastKnownFileType = sourcecode.swift; path = BarChart.swift; sourceTree = "<group>"; };
		119A016529EE4C2600D3DA12 /* AdvancedSettings.swift */ = {isa = PBXFileReference; lastKnownFileType = sourcecode.swift; path = AdvancedSettings.swift; sourceTree = "<group>"; };
		11A10A5A29F23BE6000EB835 /* Animation.swift */ = {isa = PBXFileReference; lastKnownFileType = sourcecode.swift; path = Animation.swift; sourceTree = "<group>"; };
		11A10A5D29F242B7000EB835 /* RecordAnimation.swift */ = {isa = PBXFileReference; lastKnownFileType = sourcecode.swift; path = RecordAnimation.swift; sourceTree = "<group>"; };
		11B4820929E141AB00767E22 /* DataHelper.swift */ = {isa = PBXFileReference; lastKnownFileType = sourcecode.swift; path = DataHelper.swift; sourceTree = "<group>"; };
		11B4821229E24F9000767E22 /* CreatureList.swift */ = {isa = PBXFileReference; lastKnownFileType = sourcecode.swift; path = CreatureList.swift; sourceTree = "<group>"; };
		11B9F1A72A0DDC5800F6C00A /* Creature_Console.entitlements */ = {isa = PBXFileReference; fileEncoding = 4; lastKnownFileType = text.plist.entitlements; path = Creature_Console.entitlements; sourceTree = "<group>"; };
		11BC3C392A0DF62300410F63 /* AudioManager.swift */ = {isa = PBXFileReference; lastKnownFileType = sourcecode.swift; path = AudioManager.swift; sourceTree = "<group>"; };
		11C03ACF29E3C346002E6720 /* CreatureEdit.swift */ = {isa = PBXFileReference; lastKnownFileType = sourcecode.swift; path = CreatureEdit.swift; sourceTree = "<group>"; };
		11C03AD329E3CDF4002E6720 /* VirtualJoystick.swift */ = {isa = PBXFileReference; lastKnownFileType = sourcecode.swift; path = VirtualJoystick.swift; sourceTree = "<group>"; };
		11C2E0DC29ECA4F100B8A4F5 /* ByteChartView.swift */ = {isa = PBXFileReference; lastKnownFileType = sourcecode.swift; path = ByteChartView.swift; sourceTree = "<group>"; };
		11C2E0DF29ECF6D500B8A4F5 /* EventLoop.swift */ = {isa = PBXFileReference; lastKnownFileType = sourcecode.swift; path = EventLoop.swift; sourceTree = "<group>"; };
		11C326CF29DD3FED00B169CD /* Credits.rtfd */ = {isa = PBXFileReference; lastKnownFileType = wrapper.rtfd; path = Credits.rtfd; sourceTree = "<group>"; };
		11C326D529DD41E900B169CD /* CreatureCLI */ = {isa = PBXFileReference; explicitFileType = "compiled.mach-o.executable"; includeInIndex = 0; path = CreatureCLI; sourceTree = BUILT_PRODUCTS_DIR; };
		11C326D729DD41E900B169CD /* top.swift */ = {isa = PBXFileReference; lastKnownFileType = sourcecode.swift; path = top.swift; sourceTree = "<group>"; };
		11C699032A34596B00A79985 /* ServerError.swift */ = {isa = PBXFileReference; lastKnownFileType = sourcecode.swift; path = ServerError.swift; sourceTree = "<group>"; };
		11C699062A3459B000A79985 /* AudioError.swift */ = {isa = PBXFileReference; lastKnownFileType = sourcecode.swift; path = AudioError.swift; sourceTree = "<group>"; };
		11C699092A34FFC500A79985 /* AnimationErrors.swift */ = {isa = PBXFileReference; lastKnownFileType = sourcecode.swift; path = AnimationErrors.swift; sourceTree = "<group>"; };
		11DD93B229E666D200089EC6 /* StreamJoystick.swift */ = {isa = PBXFileReference; lastKnownFileType = sourcecode.swift; path = StreamJoystick.swift; sourceTree = "<group>"; };
		11E4E51D2BB53038007C6525 /* TestSwiftUIView.swift */ = {isa = PBXFileReference; lastKnownFileType = sourcecode.swift; path = TestSwiftUIView.swift; sourceTree = "<group>"; };
		11E7CD8529DD21BC0029D031 /* CreatureServerClient.swift */ = {isa = PBXFileReference; lastKnownFileType = sourcecode.swift; path = CreatureServerClient.swift; sourceTree = "<group>"; };
		11ED91992A917D66000756BF /* Playlists.swift */ = {isa = PBXFileReference; lastKnownFileType = sourcecode.swift; path = Playlists.swift; sourceTree = "<group>"; };
		11ED919B2A917E01000756BF /* PlaylistErrors.swift */ = {isa = PBXFileReference; lastKnownFileType = sourcecode.swift; path = PlaylistErrors.swift; sourceTree = "<group>"; };
		11F4BA5629EA7DF300078790 /* SettingsView.swift */ = {isa = PBXFileReference; lastKnownFileType = sourcecode.swift; path = SettingsView.swift; sourceTree = "<group>"; };
		11F4BA5829EA7E4A00078790 /* NetworkSettingsView.swift */ = {isa = PBXFileReference; lastKnownFileType = sourcecode.swift; path = NetworkSettingsView.swift; sourceTree = "<group>"; };
		11F4BA5A29EA7EA200078790 /* JoystickSettingsView.swift */ = {isa = PBXFileReference; lastKnownFileType = sourcecode.swift; path = JoystickSettingsView.swift; sourceTree = "<group>"; };
		11FA32B529E3749B004C5181 /* SixAxisJoystick.swift */ = {isa = PBXFileReference; lastKnownFileType = sourcecode.swift; path = SixAxisJoystick.swift; sourceTree = "<group>"; };
		11FA32B829E3844B004C5181 /* JoystickDebugView.swift */ = {isa = PBXFileReference; lastKnownFileType = sourcecode.swift; path = JoystickDebugView.swift; sourceTree = "<group>"; };
		11FA32BA29E3A337004C5181 /* DebugJoystickScene.swift */ = {isa = PBXFileReference; lastKnownFileType = sourcecode.swift; path = DebugJoystickScene.swift; sourceTree = "<group>"; };
/* End PBXFileReference section */

/* Begin PBXFrameworksBuildPhase section */
		11703D8529DD197F00EF7E3D /* Frameworks */ = {
			isa = PBXFrameworksBuildPhase;
			buildActionMask = 2147483647;
			files = (
				1168DC992B4F99E000A9895A /* IOKit.framework in Frameworks */,
				11E7CD7D29DD1AB10029D031 /* GRPC in Frameworks */,
				11E7CD7829DD1A870029D031 /* protoc-gen-swift in Frameworks */,
				11E7CD7629DD1A870029D031 /* SwiftProtobuf in Frameworks */,
				11E7CD7B29DD1AB10029D031 /* CGRPCZlib in Frameworks */,
				11E7CD7F29DD1AB10029D031 /* protoc-gen-grpc-swift in Frameworks */,
			);
			runOnlyForDeploymentPostprocessing = 0;
		};
		11C326D229DD41E900B169CD /* Frameworks */ = {
			isa = PBXFrameworksBuildPhase;
			buildActionMask = 2147483647;
			files = (
				11F1757229DD42D800ADD5FB /* SwiftProtobuf in Frameworks */,
				11F1757429DD42D800ADD5FB /* CGRPCZlib in Frameworks */,
				11F1757829DD42D800ADD5FB /* ArgumentParser in Frameworks */,
				11F1757629DD42D800ADD5FB /* GRPC in Frameworks */,
			);
			runOnlyForDeploymentPostprocessing = 0;
		};
/* End PBXFrameworksBuildPhase section */

/* Begin PBXGroup section */
		110B125B2A24568A002C5585 /* Server */ = {
			isa = PBXGroup;
			children = (
				118A737B29EB68EA00EF8CDB /* LogViewModel.swift */,
				11E7CD8529DD21BC0029D031 /* CreatureServerClient.swift */,
				11DD93B229E666D200089EC6 /* StreamJoystick.swift */,
				117EB24A2A3413C1001208C8 /* PlayAnimation.swift */,
				11ED91992A917D66000756BF /* Playlists.swift */,
			);
			path = Server;
			sourceTree = "<group>";
		};
		110B125C2A247BC4002C5585 /* Creatures */ = {
			isa = PBXGroup;
			children = (
				1142E66129DFB22300B795F0 /* CreatureDetail.swift */,
				11C03ACF29E3C346002E6720 /* CreatureEdit.swift */,
			);
			path = Creatures;
			sourceTree = "<group>";
		};
		110B125F2A24918C002C5585 /* Audio */ = {
			isa = PBXGroup;
			children = (
				11BC3C392A0DF62300410F63 /* AudioManager.swift */,
				113896B82A0CA3B40055BA70 /* StorageManager.swift */,
			);
			path = Audio;
			sourceTree = "<group>";
		};
		110B12602A2491B9002C5585 /* Joystick */ = {
			isa = PBXGroup;
			children = (
				11FA32B529E3749B004C5181 /* SixAxisJoystick.swift */,
				11C03AD329E3CDF4002E6720 /* VirtualJoystick.swift */,
				1168DC962B4F98B800A9895A /* AprilsCreatureWorkshopJoystick.swift */,
				11218E7F2B67522500AFFF65 /* Joystick.swift */,
				1110EFF82B8D9C2300A00B89 /* ChannelAxisMapping.swift */,
			);
			path = Joystick;
			sourceTree = "<group>";
		};
		110B12622A249211002C5585 /* Creature */ = {
			isa = PBXGroup;
			children = (
				1142E65D29DFB1A900B795F0 /* Creature.swift */,
				11B4821229E24F9000767E22 /* CreatureList.swift */,
				1131762F29FF067B008B35E8 /* CreatureType.swift */,
				1122A7B02A22E67900D60464 /* MotorType.swift */,
				1156650E2A35826D002CD4CC /* CreatureIdentifier.swift */,
			);
			path = Creature;
			sourceTree = "<group>";
		};
		110B12632A249224002C5585 /* Animation */ = {
			isa = PBXGroup;
			children = (
				11A10A5A29F23BE6000EB835 /* Animation.swift */,
				110E0C2E29FF431B00154649 /* AnimationIdentifier.swift */,
			);
			path = Animation;
			sourceTree = "<group>";
		};
		110CABE12A95968C007769E4 /* Processing */ = {
			isa = PBXGroup;
			children = (
				110CABE22A959698007769E4 /* Voice Processing */,
			);
			path = Processing;
			sourceTree = "<group>";
		};
		110CABE22A959698007769E4 /* Voice Processing */ = {
			isa = PBXGroup;
			children = (
				110CABE32A9596DD007769E4 /* SoundData.swift */,
				110CABE92A95A077007769E4 /* SoundDataProcessor.swift */,
			);
			path = "Voice Processing";
			sourceTree = "<group>";
		};
		110CABE52A9599DB007769E4 /* Processing */ = {
			isa = PBXGroup;
			children = (
				110CABE62A9599E5007769E4 /* Voice Processing */,
			);
			path = Processing;
			sourceTree = "<group>";
		};
		110CABE62A9599E5007769E4 /* Voice Processing */ = {
			isa = PBXGroup;
			children = (
				110CABE72A959A00007769E4 /* SoundDataImporter.swift */,
			);
			path = "Voice Processing";
			sourceTree = "<group>";
		};
		1142E65429DFB02600B795F0 /* Messaging */ = {
			isa = PBXGroup;
			children = (
				1142E65529DFB08A00B795F0 /* server.grpc.swift */,
				1142E65629DFB08A00B795F0 /* server.pb.swift */,
			);
			path = Messaging;
			sourceTree = "<group>";
		};
		1142E65C29DFB19700B795F0 /* Model */ = {
			isa = PBXGroup;
			children = (
				110CABE12A95968C007769E4 /* Processing */,
				115B323E2A918A4100E9D583 /* Playlist */,
				11C699022A34595800A79985 /* Error */,
				110B12632A249224002C5585 /* Animation */,
				110B12622A249211002C5585 /* Creature */,
				110B12602A2491B9002C5585 /* Joystick */,
				110B125F2A24918C002C5585 /* Audio */,
				110B125B2A24568A002C5585 /* Server */,
				1122A7B62A24440100D60464 /* AppState.swift */,
			);
			path = Model;
			sourceTree = "<group>";
		};
		1142E66029DFB21000B795F0 /* View */ = {
			isa = PBXGroup;
			children = (
				110CABE52A9599DB007769E4 /* Processing */,
				110B125C2A247BC4002C5585 /* Creatures */,
				11A10A5C29F2429A000EB835 /* Animation */,
				119A016429EE4B3700D3DA12 /* Settings */,
				119A016129EE28DB00D3DA12 /* Charts */,
				11FA32B829E3844B004C5181 /* JoystickDebugView.swift */,
				1168DC9A2B4FB2BE00A9895A /* ACWJoystickDebugView.swift */,
				11FA32BA29E3A337004C5181 /* DebugJoystickScene.swift */,
				1168DC9C2B4FB58800A9895A /* ACWDebugJoystickScene.swift */,
				118A737F29EB772900EF8CDB /* LogViewView.swift */,
				118A738129EB780A00EF8CDB /* LogViewScene.swift */,
			);
			path = View;
			sourceTree = "<group>";
		};
		115B323E2A918A4100E9D583 /* Playlist */ = {
			isa = PBXGroup;
			children = (
				115B323F2A918A5300E9D583 /* Playlist.swift */,
				115B32412A918A9D00E9D583 /* PlaylistItem.swift */,
			);
			path = Playlist;
			sourceTree = "<group>";
		};
		11703D7F29DD197F00EF7E3D = {
			isa = PBXGroup;
			children = (
				118BF86F2A253EF800D80AE6 /* Assets */,
				1142E65429DFB02600B795F0 /* Messaging */,
				11703D8A29DD197F00EF7E3D /* Creature Console */,
				11C326D629DD41E900B169CD /* CreatureCLI */,
				11703D8929DD197F00EF7E3D /* Products */,
				11F1757029DD42D800ADD5FB /* Frameworks */,
			);
			sourceTree = "<group>";
		};
		11703D8929DD197F00EF7E3D /* Products */ = {
			isa = PBXGroup;
			children = (
				11703D8829DD197F00EF7E3D /* Creature Console.app */,
				11C326D529DD41E900B169CD /* CreatureCLI */,
			);
			name = Products;
			sourceTree = "<group>";
		};
		11703D8A29DD197F00EF7E3D /* Creature Console */ = {
			isa = PBXGroup;
			children = (
				11631B7C2A919FDB008F4375 /* Creature ConsoleDebug.entitlements */,
				11C2E0DE29ECF6BC00B8A4F5 /* Events */,
				1142E66029DFB21000B795F0 /* View */,
				1142E65C29DFB19700B795F0 /* Model */,
				115DAD9F29DF8C4F0021C4E0 /* Creature-Console-Info.plist */,
				11B9F1A72A0DDC5800F6C00A /* Creature_Console.entitlements */,
				11703D8B29DD197F00EF7E3D /* CreatureConsole.swift */,
				11703D8D29DD197F00EF7E3D /* TopContentView.swift */,
				11703D8F29DD198000EF7E3D /* Assets.xcassets */,
				11703D9229DD198000EF7E3D /* Preview Content */,
				11C326CF29DD3FED00B169CD /* Credits.rtfd */,
				115DADA029DF95890021C4E0 /* JoystickHandler.swift */,
				1142E66329DFC00700B795F0 /* TimeHelper.swift */,
				11B4820929E141AB00767E22 /* DataHelper.swift */,
			);
			path = "Creature Console";
			sourceTree = "<group>";
		};
		11703D9229DD198000EF7E3D /* Preview Content */ = {
			isa = PBXGroup;
			children = (
				11703D9329DD198000EF7E3D /* Preview Assets.xcassets */,
			);
			path = "Preview Content";
			sourceTree = "<group>";
		};
		118BF86F2A253EF800D80AE6 /* Assets */ = {
			isa = PBXGroup;
			children = (
				118BF8702A253F1000D80AE6 /* recordingCountdownSound.flac */,
			);
			path = Assets;
			sourceTree = "<group>";
		};
		119A016129EE28DB00D3DA12 /* Charts */ = {
			isa = PBXGroup;
			children = (
				11C2E0DC29ECA4F100B8A4F5 /* ByteChartView.swift */,
				119A016229EE297800D3DA12 /* BarChart.swift */,
			);
			path = Charts;
			sourceTree = "<group>";
		};
		119A016429EE4B3700D3DA12 /* Settings */ = {
			isa = PBXGroup;
			children = (
				11F4BA5629EA7DF300078790 /* SettingsView.swift */,
				11F4BA5829EA7E4A00078790 /* NetworkSettingsView.swift */,
				11F4BA5A29EA7EA200078790 /* JoystickSettingsView.swift */,
				118A738329EBB2CF00EF8CDB /* InterfaceSettings.swift */,
				119A016529EE4C2600D3DA12 /* AdvancedSettings.swift */,
				115B32432A91945300E9D583 /* GrossHacksSettingsView.swift */,
			);
			path = Settings;
			sourceTree = "<group>";
		};
		11A10A5C29F2429A000EB835 /* Animation */ = {
			isa = PBXGroup;
			children = (
				11A10A5D29F242B7000EB835 /* RecordAnimation.swift */,
				1131763129FF0B66008B35E8 /* CategoryList.swift */,
				11181BA12A04B4F4004FCD1F /* AnimationDetail.swift */,
				113896B42A0768860055BA70 /* AnimationEditor.swift */,
				113896BA2A0CA4FC0055BA70 /* AudioFilePicker.swift */,
				114C9AB12A117A620025D40B /* AnimationWaveformEditor.swift */,
				118BF8722A255F5300D80AE6 /* AnimationTable.swift */,
				11E4E51D2BB53038007C6525 /* TestSwiftUIView.swift */,
			);
			path = Animation;
			sourceTree = "<group>";
		};
		11C2E0DE29ECF6BC00B8A4F5 /* Events */ = {
			isa = PBXGroup;
			children = (
				11C2E0DF29ECF6D500B8A4F5 /* EventLoop.swift */,
			);
			path = Events;
			sourceTree = "<group>";
		};
		11C326D629DD41E900B169CD /* CreatureCLI */ = {
			isa = PBXGroup;
			children = (
				11C326D729DD41E900B169CD /* top.swift */,
			);
			path = CreatureCLI;
			sourceTree = "<group>";
		};
		11C699022A34595800A79985 /* Error */ = {
			isa = PBXGroup;
			children = (
				11C699032A34596B00A79985 /* ServerError.swift */,
				11C699062A3459B000A79985 /* AudioError.swift */,
				11C699092A34FFC500A79985 /* AnimationErrors.swift */,
				11ED919B2A917E01000756BF /* PlaylistErrors.swift */,
			);
			path = Error;
			sourceTree = "<group>";
		};
		11F1757029DD42D800ADD5FB /* Frameworks */ = {
			isa = PBXGroup;
			children = (
				1168DC982B4F99E000A9895A /* IOKit.framework */,
			);
			name = Frameworks;
			sourceTree = "<group>";
		};
/* End PBXGroup section */

/* Begin PBXNativeTarget section */
		11703D8729DD197F00EF7E3D /* Creature Console */ = {
			isa = PBXNativeTarget;
			buildConfigurationList = 11703D9729DD198000EF7E3D /* Build configuration list for PBXNativeTarget "Creature Console" */;
			buildPhases = (
				11703D8429DD197F00EF7E3D /* Sources */,
				11703D8529DD197F00EF7E3D /* Frameworks */,
				11703D8629DD197F00EF7E3D /* Resources */,
			);
			buildRules = (
			);
			dependencies = (
			);
			name = "Creature Console";
			packageProductDependencies = (
				11E7CD7529DD1A870029D031 /* SwiftProtobuf */,
				11E7CD7729DD1A870029D031 /* protoc-gen-swift */,
				11E7CD7A29DD1AB10029D031 /* CGRPCZlib */,
				11E7CD7C29DD1AB10029D031 /* GRPC */,
				11E7CD7E29DD1AB10029D031 /* protoc-gen-grpc-swift */,
			);
			productName = "Creature Console";
			productReference = 11703D8829DD197F00EF7E3D /* Creature Console.app */;
			productType = "com.apple.product-type.application";
		};
		11C326D429DD41E900B169CD /* CreatureCLI */ = {
			isa = PBXNativeTarget;
			buildConfigurationList = 11C326D929DD41E900B169CD /* Build configuration list for PBXNativeTarget "CreatureCLI" */;
			buildPhases = (
				11C326D129DD41E900B169CD /* Sources */,
				11C326D229DD41E900B169CD /* Frameworks */,
				11C326D329DD41E900B169CD /* CopyFiles */,
			);
			buildRules = (
			);
			dependencies = (
			);
			name = CreatureCLI;
			packageProductDependencies = (
				11F1757129DD42D800ADD5FB /* SwiftProtobuf */,
				11F1757329DD42D800ADD5FB /* CGRPCZlib */,
				11F1757529DD42D800ADD5FB /* GRPC */,
				11F1757729DD42D800ADD5FB /* ArgumentParser */,
			);
			productName = CreatureCLI;
			productReference = 11C326D529DD41E900B169CD /* CreatureCLI */;
			productType = "com.apple.product-type.tool";
		};
/* End PBXNativeTarget section */

/* Begin PBXProject section */
		11703D8029DD197F00EF7E3D /* Project object */ = {
			isa = PBXProject;
			attributes = {
				BuildIndependentTargetsInParallel = 1;
				LastSwiftUpdateCheck = 1420;
				LastUpgradeCheck = 1530;
				TargetAttributes = {
					11703D8729DD197F00EF7E3D = {
						CreatedOnToolsVersion = 14.2;
					};
					11C326D429DD41E900B169CD = {
						CreatedOnToolsVersion = 14.2;
					};
				};
			};
			buildConfigurationList = 11703D8329DD197F00EF7E3D /* Build configuration list for PBXProject "Creature Console" */;
			compatibilityVersion = "Xcode 14.0";
			developmentRegion = en;
			hasScannedForEncodings = 0;
			knownRegions = (
				en,
				Base,
			);
			mainGroup = 11703D7F29DD197F00EF7E3D;
			packageReferences = (
				11E7CD7429DD1A870029D031 /* XCRemoteSwiftPackageReference "swift-protobuf" */,
				11E7CD7929DD1AB10029D031 /* XCRemoteSwiftPackageReference "grpc-swift" */,
				11E7CD8029DD1ACF0029D031 /* XCRemoteSwiftPackageReference "swift-argument-parser" */,
			);
			productRefGroup = 11703D8929DD197F00EF7E3D /* Products */;
			projectDirPath = "";
			projectRoot = "";
			targets = (
				11703D8729DD197F00EF7E3D /* Creature Console */,
				11C326D429DD41E900B169CD /* CreatureCLI */,
			);
		};
/* End PBXProject section */

/* Begin PBXResourcesBuildPhase section */
		11703D8629DD197F00EF7E3D /* Resources */ = {
			isa = PBXResourcesBuildPhase;
			buildActionMask = 2147483647;
			files = (
				11703D9429DD198000EF7E3D /* Preview Assets.xcassets in Resources */,
				11C326D029DD3FED00B169CD /* Credits.rtfd in Resources */,
				11703D9029DD198000EF7E3D /* Assets.xcassets in Resources */,
				118BF8712A253F1000D80AE6 /* recordingCountdownSound.flac in Resources */,
			);
			runOnlyForDeploymentPostprocessing = 0;
		};
/* End PBXResourcesBuildPhase section */

/* Begin PBXSourcesBuildPhase section */
		11703D8429DD197F00EF7E3D /* Sources */ = {
			isa = PBXSourcesBuildPhase;
			buildActionMask = 2147483647;
			files = (
				11218E802B67522500AFFF65 /* Joystick.swift in Sources */,
				118A738229EB780A00EF8CDB /* LogViewScene.swift in Sources */,
				11C03AD429E3CDF4002E6720 /* VirtualJoystick.swift in Sources */,
				11F4BA5929EA7E4A00078790 /* NetworkSettingsView.swift in Sources */,
				11703D8E29DD197F00EF7E3D /* TopContentView.swift in Sources */,
				11A10A5B29F23BE6000EB835 /* Animation.swift in Sources */,
				11E4E51E2BB53038007C6525 /* TestSwiftUIView.swift in Sources */,
				1142E65929DFB08A00B795F0 /* server.pb.swift in Sources */,
				114C9AB22A117A620025D40B /* AnimationWaveformEditor.swift in Sources */,
				119A016629EE4C2600D3DA12 /* AdvancedSettings.swift in Sources */,
				1168DC972B4F98B800A9895A /* AprilsCreatureWorkshopJoystick.swift in Sources */,
				117EB24B2A3413C1001208C8 /* PlayAnimation.swift in Sources */,
				1168DC9D2B4FB58800A9895A /* ACWDebugJoystickScene.swift in Sources */,
				113896B92A0CA3B40055BA70 /* StorageManager.swift in Sources */,
				1122A7B72A24440100D60464 /* AppState.swift in Sources */,
				115B32422A918A9D00E9D583 /* PlaylistItem.swift in Sources */,
				11FA32B629E3749B004C5181 /* SixAxisJoystick.swift in Sources */,
				11F4BA5729EA7DF300078790 /* SettingsView.swift in Sources */,
				1168DC9B2B4FB2BE00A9895A /* ACWJoystickDebugView.swift in Sources */,
				11C6990A2A34FFC500A79985 /* AnimationErrors.swift in Sources */,
				110CABE82A959A00007769E4 /* SoundDataImporter.swift in Sources */,
				11FA32B929E3844B004C5181 /* JoystickDebugView.swift in Sources */,
				1110EFF92B8D9C2300A00B89 /* ChannelAxisMapping.swift in Sources */,
				110CABEA2A95A077007769E4 /* SoundDataProcessor.swift in Sources */,
				1142E66429DFC00700B795F0 /* TimeHelper.swift in Sources */,
				11BC3C3A2A0DF62300410F63 /* AudioManager.swift in Sources */,
				113896B52A0768860055BA70 /* AnimationEditor.swift in Sources */,
				11F4BA5B29EA7EA200078790 /* JoystickSettingsView.swift in Sources */,
				115DADA129DF95890021C4E0 /* JoystickHandler.swift in Sources */,
				118A737C29EB68EA00EF8CDB /* LogViewModel.swift in Sources */,
				113896BB2A0CA4FC0055BA70 /* AudioFilePicker.swift in Sources */,
				11A10A5E29F242B7000EB835 /* RecordAnimation.swift in Sources */,
				11C699042A34596B00A79985 /* ServerError.swift in Sources */,
				11ED919A2A917D66000756BF /* Playlists.swift in Sources */,
				118A738029EB772900EF8CDB /* LogViewView.swift in Sources */,
				110CABE42A9596DD007769E4 /* SoundData.swift in Sources */,
				115B32402A918A5300E9D583 /* Playlist.swift in Sources */,
				11DD93B329E666D200089EC6 /* StreamJoystick.swift in Sources */,
				115B32442A91945300E9D583 /* GrossHacksSettingsView.swift in Sources */,
				119A016329EE297800D3DA12 /* BarChart.swift in Sources */,
				110E0C2F29FF431B00154649 /* AnimationIdentifier.swift in Sources */,
				1142E65E29DFB1A900B795F0 /* Creature.swift in Sources */,
				1131763029FF067B008B35E8 /* CreatureType.swift in Sources */,
				11FA32BB29E3A337004C5181 /* DebugJoystickScene.swift in Sources */,
				11E7CD8629DD21BC0029D031 /* CreatureServerClient.swift in Sources */,
				1142E66229DFB22300B795F0 /* CreatureDetail.swift in Sources */,
				1122A7B12A22E67900D60464 /* MotorType.swift in Sources */,
				1142E65729DFB08A00B795F0 /* server.grpc.swift in Sources */,
				11703D8C29DD197F00EF7E3D /* CreatureConsole.swift in Sources */,
				11C03AD029E3C346002E6720 /* CreatureEdit.swift in Sources */,
				118A738429EBB2CF00EF8CDB /* InterfaceSettings.swift in Sources */,
				11B4821329E24F9000767E22 /* CreatureList.swift in Sources */,
				1131763229FF0B66008B35E8 /* CategoryList.swift in Sources */,
				118BF8732A255F5300D80AE6 /* AnimationTable.swift in Sources */,
				11B4820A29E141AB00767E22 /* DataHelper.swift in Sources */,
				11ED919C2A917E01000756BF /* PlaylistErrors.swift in Sources */,
				11C2E0E029ECF6D500B8A4F5 /* EventLoop.swift in Sources */,
				11C699072A3459B000A79985 /* AudioError.swift in Sources */,
				11181BA22A04B4F4004FCD1F /* AnimationDetail.swift in Sources */,
				1156650F2A35826D002CD4CC /* CreatureIdentifier.swift in Sources */,
				11C2E0DD29ECA4F100B8A4F5 /* ByteChartView.swift in Sources */,
			);
			runOnlyForDeploymentPostprocessing = 0;
		};
		11C326D129DD41E900B169CD /* Sources */ = {
			isa = PBXSourcesBuildPhase;
			buildActionMask = 2147483647;
			files = (
				11C326D829DD41E900B169CD /* top.swift in Sources */,
				1142E65A29DFB08A00B795F0 /* server.pb.swift in Sources */,
				1142E66529DFC00700B795F0 /* TimeHelper.swift in Sources */,
				11C6990B2A34FFC500A79985 /* AnimationErrors.swift in Sources */,
				110B12612A2491C5002C5585 /* VirtualJoystick.swift in Sources */,
				1122A7AD2A22E2EC00D60464 /* AudioManager.swift in Sources */,
				1122A7AC2A22E2E800D60464 /* StorageManager.swift in Sources */,
				11B4821429E24F9000767E22 /* CreatureList.swift in Sources */,
				11B4820B29E141AB00767E22 /* DataHelper.swift in Sources */,
				117EB24C2A3413C1001208C8 /* PlayAnimation.swift in Sources */,
				11C699082A3459B000A79985 /* AudioError.swift in Sources */,
				1122A7AB2A22E2E400D60464 /* AnimationIdentifier.swift in Sources */,
				1142E65F29DFB1A900B795F0 /* Creature.swift in Sources */,
				1122A7AF2A22E31F00D60464 /* EventLoop.swift in Sources */,
				1122A7B82A24440100D60464 /* AppState.swift in Sources */,
				1122A7B22A22E67900D60464 /* MotorType.swift in Sources */,
				11FA32B729E374B8004C5181 /* SixAxisJoystick.swift in Sources */,
				1122A7A82A22E2D100D60464 /* Animation.swift in Sources */,
				1122A7AA2A22E2E100D60464 /* CreatureType.swift in Sources */,
				1122A7AE2A22E2F800D60464 /* JoystickHandler.swift in Sources */,
				1142E65829DFB08A00B795F0 /* server.grpc.swift in Sources */,
				11C699052A34596B00A79985 /* ServerError.swift in Sources */,
			);
			runOnlyForDeploymentPostprocessing = 0;
		};
/* End PBXSourcesBuildPhase section */

/* Begin XCBuildConfiguration section */
		11703D9529DD198000EF7E3D /* Debug */ = {
			isa = XCBuildConfiguration;
			buildSettings = {
				ALWAYS_SEARCH_USER_PATHS = NO;
				ASSETCATALOG_COMPILER_GENERATE_SWIFT_ASSET_SYMBOL_EXTENSIONS = YES;
				CLANG_ANALYZER_NONNULL = YES;
				CLANG_ANALYZER_NUMBER_OBJECT_CONVERSION = YES_AGGRESSIVE;
				CLANG_CXX_LANGUAGE_STANDARD = "gnu++20";
				CLANG_ENABLE_MODULES = YES;
				CLANG_ENABLE_OBJC_ARC = YES;
				CLANG_ENABLE_OBJC_WEAK = YES;
				CLANG_WARN_BLOCK_CAPTURE_AUTORELEASING = YES;
				CLANG_WARN_BOOL_CONVERSION = YES;
				CLANG_WARN_COMMA = YES;
				CLANG_WARN_CONSTANT_CONVERSION = YES;
				CLANG_WARN_DEPRECATED_OBJC_IMPLEMENTATIONS = YES;
				CLANG_WARN_DIRECT_OBJC_ISA_USAGE = YES_ERROR;
				CLANG_WARN_DOCUMENTATION_COMMENTS = YES;
				CLANG_WARN_EMPTY_BODY = YES;
				CLANG_WARN_ENUM_CONVERSION = YES;
				CLANG_WARN_INFINITE_RECURSION = YES;
				CLANG_WARN_INT_CONVERSION = YES;
				CLANG_WARN_NON_LITERAL_NULL_CONVERSION = YES;
				CLANG_WARN_OBJC_IMPLICIT_RETAIN_SELF = YES;
				CLANG_WARN_OBJC_LITERAL_CONVERSION = YES;
				CLANG_WARN_OBJC_ROOT_CLASS = YES_ERROR;
				CLANG_WARN_QUOTED_INCLUDE_IN_FRAMEWORK_HEADER = YES;
				CLANG_WARN_RANGE_LOOP_ANALYSIS = YES;
				CLANG_WARN_STRICT_PROTOTYPES = YES;
				CLANG_WARN_SUSPICIOUS_MOVE = YES;
				CLANG_WARN_UNGUARDED_AVAILABILITY = YES_AGGRESSIVE;
				CLANG_WARN_UNREACHABLE_CODE = YES;
				CLANG_WARN__DUPLICATE_METHOD_MATCH = YES;
				COPY_PHASE_STRIP = NO;
				DEAD_CODE_STRIPPING = YES;
				DEBUG_INFORMATION_FORMAT = dwarf;
				ENABLE_STRICT_OBJC_MSGSEND = YES;
				ENABLE_TESTABILITY = YES;
				ENABLE_USER_SCRIPT_SANDBOXING = YES;
				GCC_C_LANGUAGE_STANDARD = gnu11;
				GCC_DYNAMIC_NO_PIC = NO;
				GCC_NO_COMMON_BLOCKS = YES;
				GCC_OPTIMIZATION_LEVEL = 0;
				GCC_PREPROCESSOR_DEFINITIONS = (
					"DEBUG=1",
					"$(inherited)",
				);
				GCC_WARN_64_TO_32_BIT_CONVERSION = YES;
				GCC_WARN_ABOUT_RETURN_TYPE = YES_ERROR;
				GCC_WARN_UNDECLARED_SELECTOR = YES;
				GCC_WARN_UNINITIALIZED_AUTOS = YES_AGGRESSIVE;
				GCC_WARN_UNUSED_FUNCTION = YES;
				GCC_WARN_UNUSED_VARIABLE = YES;
				MTL_ENABLE_DEBUG_INFO = INCLUDE_SOURCE;
				MTL_FAST_MATH = YES;
				ONLY_ACTIVE_ARCH = YES;
				SWIFT_ACTIVE_COMPILATION_CONDITIONS = DEBUG;
				SWIFT_OPTIMIZATION_LEVEL = "-Onone";
			};
			name = Debug;
		};
		11703D9629DD198000EF7E3D /* Release */ = {
			isa = XCBuildConfiguration;
			buildSettings = {
				ALWAYS_SEARCH_USER_PATHS = NO;
				ASSETCATALOG_COMPILER_GENERATE_SWIFT_ASSET_SYMBOL_EXTENSIONS = YES;
				CLANG_ANALYZER_NONNULL = YES;
				CLANG_ANALYZER_NUMBER_OBJECT_CONVERSION = YES_AGGRESSIVE;
				CLANG_CXX_LANGUAGE_STANDARD = "gnu++20";
				CLANG_ENABLE_MODULES = YES;
				CLANG_ENABLE_OBJC_ARC = YES;
				CLANG_ENABLE_OBJC_WEAK = YES;
				CLANG_WARN_BLOCK_CAPTURE_AUTORELEASING = YES;
				CLANG_WARN_BOOL_CONVERSION = YES;
				CLANG_WARN_COMMA = YES;
				CLANG_WARN_CONSTANT_CONVERSION = YES;
				CLANG_WARN_DEPRECATED_OBJC_IMPLEMENTATIONS = YES;
				CLANG_WARN_DIRECT_OBJC_ISA_USAGE = YES_ERROR;
				CLANG_WARN_DOCUMENTATION_COMMENTS = YES;
				CLANG_WARN_EMPTY_BODY = YES;
				CLANG_WARN_ENUM_CONVERSION = YES;
				CLANG_WARN_INFINITE_RECURSION = YES;
				CLANG_WARN_INT_CONVERSION = YES;
				CLANG_WARN_NON_LITERAL_NULL_CONVERSION = YES;
				CLANG_WARN_OBJC_IMPLICIT_RETAIN_SELF = YES;
				CLANG_WARN_OBJC_LITERAL_CONVERSION = YES;
				CLANG_WARN_OBJC_ROOT_CLASS = YES_ERROR;
				CLANG_WARN_QUOTED_INCLUDE_IN_FRAMEWORK_HEADER = YES;
				CLANG_WARN_RANGE_LOOP_ANALYSIS = YES;
				CLANG_WARN_STRICT_PROTOTYPES = YES;
				CLANG_WARN_SUSPICIOUS_MOVE = YES;
				CLANG_WARN_UNGUARDED_AVAILABILITY = YES_AGGRESSIVE;
				CLANG_WARN_UNREACHABLE_CODE = YES;
				CLANG_WARN__DUPLICATE_METHOD_MATCH = YES;
				COPY_PHASE_STRIP = NO;
				DEAD_CODE_STRIPPING = YES;
				DEBUG_INFORMATION_FORMAT = "dwarf-with-dsym";
				ENABLE_NS_ASSERTIONS = NO;
				ENABLE_STRICT_OBJC_MSGSEND = YES;
				ENABLE_USER_SCRIPT_SANDBOXING = YES;
				GCC_C_LANGUAGE_STANDARD = gnu11;
				GCC_NO_COMMON_BLOCKS = YES;
				GCC_WARN_64_TO_32_BIT_CONVERSION = YES;
				GCC_WARN_ABOUT_RETURN_TYPE = YES_ERROR;
				GCC_WARN_UNDECLARED_SELECTOR = YES;
				GCC_WARN_UNINITIALIZED_AUTOS = YES_AGGRESSIVE;
				GCC_WARN_UNUSED_FUNCTION = YES;
				GCC_WARN_UNUSED_VARIABLE = YES;
				MTL_ENABLE_DEBUG_INFO = NO;
				MTL_FAST_MATH = YES;
				SWIFT_COMPILATION_MODE = wholemodule;
				SWIFT_OPTIMIZATION_LEVEL = "-O";
			};
			name = Release;
		};
		11703D9829DD198000EF7E3D /* Debug */ = {
			isa = XCBuildConfiguration;
			buildSettings = {
				ASSETCATALOG_COMPILER_APPICON_NAME = AppIcon;
				ASSETCATALOG_COMPILER_GLOBAL_ACCENT_COLOR_NAME = AccentColor;
				CODE_SIGN_ENTITLEMENTS = "Creature Console/Creature ConsoleDebug.entitlements";
				CODE_SIGN_IDENTITY = "Apple Development";
				CODE_SIGN_STYLE = Automatic;
				CURRENT_PROJECT_VERSION = 103;
				DEAD_CODE_STRIPPING = YES;
				DEVELOPMENT_ASSET_PATHS = "\"Creature Console/Preview Content\"";
				DEVELOPMENT_TEAM = YQ8A74NDMJ;
				ENABLE_APP_SANDBOX = NO;
				ENABLE_HARDENED_RUNTIME = YES;
				ENABLE_PREVIEWS = YES;
				GENERATE_INFOPLIST_FILE = YES;
				INFOPLIST_FILE = "Creature-Console-Info.plist";
				INFOPLIST_KEY_CFBundleDisplayName = Console;
				INFOPLIST_KEY_LSApplicationCategoryType = "public.app-category.developer-tools";
				"INFOPLIST_KEY_UIApplicationSceneManifest_Generation[sdk=iphoneos*]" = YES;
				"INFOPLIST_KEY_UIApplicationSceneManifest_Generation[sdk=iphonesimulator*]" = YES;
				"INFOPLIST_KEY_UIApplicationSupportsIndirectInputEvents[sdk=iphoneos*]" = YES;
				"INFOPLIST_KEY_UIApplicationSupportsIndirectInputEvents[sdk=iphonesimulator*]" = YES;
				"INFOPLIST_KEY_UILaunchScreen_Generation[sdk=iphoneos*]" = YES;
				"INFOPLIST_KEY_UILaunchScreen_Generation[sdk=iphonesimulator*]" = YES;
				INFOPLIST_KEY_UIStatusBarStyle = "";
				"INFOPLIST_KEY_UIStatusBarStyle[sdk=iphoneos*]" = UIStatusBarStyleDefault;
				"INFOPLIST_KEY_UIStatusBarStyle[sdk=iphonesimulator*]" = UIStatusBarStyleDefault;
				INFOPLIST_KEY_UISupportedInterfaceOrientations = "UIInterfaceOrientationLandscapeLeft UIInterfaceOrientationLandscapeRight UIInterfaceOrientationPortrait";
				INFOPLIST_KEY_UISupportedInterfaceOrientations_iPad = "UIInterfaceOrientationLandscapeLeft UIInterfaceOrientationLandscapeRight";
				IPHONEOS_DEPLOYMENT_TARGET = 17.0;
				LD_RUNPATH_SEARCH_PATHS = "@executable_path/Frameworks";
				"LD_RUNPATH_SEARCH_PATHS[sdk=macosx*]" = "@executable_path/../Frameworks";
				MACOSX_DEPLOYMENT_TARGET = 14.0;
				MARKETING_VERSION = 0.16.1;
				PRODUCT_BUNDLE_IDENTIFIER = "io.opsnlops.Creature-Console";
				PRODUCT_NAME = "$(TARGET_NAME)";
				SDKROOT = auto;
				SUPPORTED_PLATFORMS = "iphoneos iphonesimulator macosx";
				SUPPORTS_MACCATALYST = NO;
				SUPPORTS_MAC_DESIGNED_FOR_IPHONE_IPAD = NO;
				SWIFT_EMIT_LOC_STRINGS = YES;
				SWIFT_VERSION = 5.0;
				TARGETED_DEVICE_FAMILY = "1,2";
			};
			name = Debug;
		};
		11703D9929DD198000EF7E3D /* Release */ = {
			isa = XCBuildConfiguration;
			buildSettings = {
				ASSETCATALOG_COMPILER_APPICON_NAME = AppIcon;
				ASSETCATALOG_COMPILER_GLOBAL_ACCENT_COLOR_NAME = AccentColor;
				CODE_SIGN_ENTITLEMENTS = "Creature Console/Creature_Console.entitlements";
				CODE_SIGN_IDENTITY = "Apple Development";
				CODE_SIGN_STYLE = Automatic;
				CURRENT_PROJECT_VERSION = 103;
				DEAD_CODE_STRIPPING = YES;
				DEVELOPMENT_ASSET_PATHS = "\"Creature Console/Preview Content\"";
				DEVELOPMENT_TEAM = YQ8A74NDMJ;
				ENABLE_APP_SANDBOX = NO;
				ENABLE_HARDENED_RUNTIME = YES;
				ENABLE_PREVIEWS = YES;
				GENERATE_INFOPLIST_FILE = YES;
				INFOPLIST_FILE = "Creature-Console-Info.plist";
				INFOPLIST_KEY_CFBundleDisplayName = Console;
				INFOPLIST_KEY_LSApplicationCategoryType = "public.app-category.developer-tools";
				"INFOPLIST_KEY_UIApplicationSceneManifest_Generation[sdk=iphoneos*]" = YES;
				"INFOPLIST_KEY_UIApplicationSceneManifest_Generation[sdk=iphonesimulator*]" = YES;
				"INFOPLIST_KEY_UIApplicationSupportsIndirectInputEvents[sdk=iphoneos*]" = YES;
				"INFOPLIST_KEY_UIApplicationSupportsIndirectInputEvents[sdk=iphonesimulator*]" = YES;
				"INFOPLIST_KEY_UILaunchScreen_Generation[sdk=iphoneos*]" = YES;
				"INFOPLIST_KEY_UILaunchScreen_Generation[sdk=iphonesimulator*]" = YES;
				INFOPLIST_KEY_UIStatusBarStyle = "";
				"INFOPLIST_KEY_UIStatusBarStyle[sdk=iphoneos*]" = UIStatusBarStyleDefault;
				"INFOPLIST_KEY_UIStatusBarStyle[sdk=iphonesimulator*]" = UIStatusBarStyleDefault;
				INFOPLIST_KEY_UISupportedInterfaceOrientations = "UIInterfaceOrientationLandscapeLeft UIInterfaceOrientationLandscapeRight UIInterfaceOrientationPortrait";
				INFOPLIST_KEY_UISupportedInterfaceOrientations_iPad = "UIInterfaceOrientationLandscapeLeft UIInterfaceOrientationLandscapeRight";
				IPHONEOS_DEPLOYMENT_TARGET = 17.0;
				LD_RUNPATH_SEARCH_PATHS = "@executable_path/Frameworks";
				"LD_RUNPATH_SEARCH_PATHS[sdk=macosx*]" = "@executable_path/../Frameworks";
				MACOSX_DEPLOYMENT_TARGET = 14.0;
				MARKETING_VERSION = 0.16.1;
				PRODUCT_BUNDLE_IDENTIFIER = "io.opsnlops.Creature-Console";
				PRODUCT_NAME = "$(TARGET_NAME)";
				PROVISIONING_PROFILE_SPECIFIER = "";
				SDKROOT = auto;
				SUPPORTED_PLATFORMS = "iphoneos iphonesimulator macosx";
				SUPPORTS_MACCATALYST = NO;
				SUPPORTS_MAC_DESIGNED_FOR_IPHONE_IPAD = NO;
				SWIFT_EMIT_LOC_STRINGS = YES;
				SWIFT_VERSION = 5.0;
				TARGETED_DEVICE_FAMILY = "1,2";
			};
			name = Release;
		};
		11C326DA29DD41E900B169CD /* Debug */ = {
			isa = XCBuildConfiguration;
			buildSettings = {
				CODE_SIGN_STYLE = Automatic;
				DEAD_CODE_STRIPPING = YES;
				DEVELOPMENT_TEAM = YQ8A74NDMJ;
				ENABLE_HARDENED_RUNTIME = YES;
				MACOSX_DEPLOYMENT_TARGET = 13.1;
				PRODUCT_BUNDLE_IDENTIFIER = "io.opsnlops.creature-cli";
				PRODUCT_NAME = "$(TARGET_NAME)";
				SDKROOT = macosx;
				SWIFT_VERSION = 5.0;
			};
			name = Debug;
		};
		11C326DB29DD41E900B169CD /* Release */ = {
			isa = XCBuildConfiguration;
			buildSettings = {
				CODE_SIGN_STYLE = Automatic;
				DEAD_CODE_STRIPPING = YES;
				DEVELOPMENT_TEAM = YQ8A74NDMJ;
				ENABLE_HARDENED_RUNTIME = YES;
				MACOSX_DEPLOYMENT_TARGET = 13.1;
				PRODUCT_NAME = "$(TARGET_NAME)";
				SDKROOT = macosx;
				SWIFT_VERSION = 5.0;
			};
			name = Release;
		};
/* End XCBuildConfiguration section */

/* Begin XCConfigurationList section */
		11703D8329DD197F00EF7E3D /* Build configuration list for PBXProject "Creature Console" */ = {
			isa = XCConfigurationList;
			buildConfigurations = (
				11703D9529DD198000EF7E3D /* Debug */,
				11703D9629DD198000EF7E3D /* Release */,
			);
			defaultConfigurationIsVisible = 0;
			defaultConfigurationName = Debug;
		};
		11703D9729DD198000EF7E3D /* Build configuration list for PBXNativeTarget "Creature Console" */ = {
			isa = XCConfigurationList;
			buildConfigurations = (
				11703D9829DD198000EF7E3D /* Debug */,
				11703D9929DD198000EF7E3D /* Release */,
			);
			defaultConfigurationIsVisible = 0;
			defaultConfigurationName = Debug;
		};
		11C326D929DD41E900B169CD /* Build configuration list for PBXNativeTarget "CreatureCLI" */ = {
			isa = XCConfigurationList;
			buildConfigurations = (
				11C326DA29DD41E900B169CD /* Debug */,
				11C326DB29DD41E900B169CD /* Release */,
			);
			defaultConfigurationIsVisible = 0;
			defaultConfigurationName = Debug;
		};
/* End XCConfigurationList section */

/* Begin XCRemoteSwiftPackageReference section */
		11E7CD7429DD1A870029D031 /* XCRemoteSwiftPackageReference "swift-protobuf" */ = {
			isa = XCRemoteSwiftPackageReference;
			repositoryURL = "https://github.com/apple/swift-protobuf.git";
			requirement = {
				kind = upToNextMajorVersion;
				minimumVersion = 1.0.0;
			};
		};
		11E7CD7929DD1AB10029D031 /* XCRemoteSwiftPackageReference "grpc-swift" */ = {
			isa = XCRemoteSwiftPackageReference;
			repositoryURL = "https://github.com/grpc/grpc-swift";
			requirement = {
				branch = main;
				kind = branch;
			};
		};
		11E7CD8029DD1ACF0029D031 /* XCRemoteSwiftPackageReference "swift-argument-parser" */ = {
			isa = XCRemoteSwiftPackageReference;
			repositoryURL = "https://github.com/apple/swift-argument-parser.git";
			requirement = {
				kind = upToNextMajorVersion;
				minimumVersion = 1.0.0;
			};
		};
/* End XCRemoteSwiftPackageReference section */

/* Begin XCSwiftPackageProductDependency section */
		11E7CD7529DD1A870029D031 /* SwiftProtobuf */ = {
			isa = XCSwiftPackageProductDependency;
			package = 11E7CD7429DD1A870029D031 /* XCRemoteSwiftPackageReference "swift-protobuf" */;
			productName = SwiftProtobuf;
		};
		11E7CD7729DD1A870029D031 /* protoc-gen-swift */ = {
			isa = XCSwiftPackageProductDependency;
			package = 11E7CD7429DD1A870029D031 /* XCRemoteSwiftPackageReference "swift-protobuf" */;
			productName = "protoc-gen-swift";
		};
		11E7CD7A29DD1AB10029D031 /* CGRPCZlib */ = {
			isa = XCSwiftPackageProductDependency;
			package = 11E7CD7929DD1AB10029D031 /* XCRemoteSwiftPackageReference "grpc-swift" */;
			productName = CGRPCZlib;
		};
		11E7CD7C29DD1AB10029D031 /* GRPC */ = {
			isa = XCSwiftPackageProductDependency;
			package = 11E7CD7929DD1AB10029D031 /* XCRemoteSwiftPackageReference "grpc-swift" */;
			productName = GRPC;
		};
		11E7CD7E29DD1AB10029D031 /* protoc-gen-grpc-swift */ = {
			isa = XCSwiftPackageProductDependency;
			package = 11E7CD7929DD1AB10029D031 /* XCRemoteSwiftPackageReference "grpc-swift" */;
			productName = "protoc-gen-grpc-swift";
		};
		11F1757129DD42D800ADD5FB /* SwiftProtobuf */ = {
			isa = XCSwiftPackageProductDependency;
			package = 11E7CD7429DD1A870029D031 /* XCRemoteSwiftPackageReference "swift-protobuf" */;
			productName = SwiftProtobuf;
		};
		11F1757329DD42D800ADD5FB /* CGRPCZlib */ = {
			isa = XCSwiftPackageProductDependency;
			package = 11E7CD7929DD1AB10029D031 /* XCRemoteSwiftPackageReference "grpc-swift" */;
			productName = CGRPCZlib;
		};
		11F1757529DD42D800ADD5FB /* GRPC */ = {
			isa = XCSwiftPackageProductDependency;
			package = 11E7CD7929DD1AB10029D031 /* XCRemoteSwiftPackageReference "grpc-swift" */;
			productName = GRPC;
		};
		11F1757729DD42D800ADD5FB /* ArgumentParser */ = {
			isa = XCSwiftPackageProductDependency;
			package = 11E7CD8029DD1ACF0029D031 /* XCRemoteSwiftPackageReference "swift-argument-parser" */;
			productName = ArgumentParser;
		};
/* End XCSwiftPackageProductDependency section */
	};
	rootObject = 11703D8029DD197F00EF7E3D /* Project object */;
}
