{
  "originHash" : "dd7d329d907a769f7f4c4849bb58abf42e066f84bb69369fc8a2be39faec7227",
  "pins" : [
    {
      "identity" : "swift-atomics",
      "kind" : "remoteSourceControl",
      "location" : "https://github.com/apple/swift-atomics.git",
      "state" : {
        "revision" : "b601256eab081c0f92f059e12818ac1d4f178ff7",
        "version" : "1.3.0"
      }
    },
    {
      "identity" : "swift-collections",
      "kind" : "remoteSourceControl",
      "location" : "https://github.com/apple/swift-collections.git",
      "state" : {
        "revision" : "7b847a3b7008b2dc2f47ca3110d8c782fb2e5c7e",
        "version" : "1.3.0"
      }
    },
    {
      "identity" : "swift-log",
      "kind" : "remoteSourceControl",
      "location" : "https://github.com/apple/swift-log.git",
      "state" : {
        "revision" : "ce592ae52f982c847a4efc0dd881cc9eb32d29f2",
        "version" : "1.6.4"
      }
    },
    {
      "identity" : "swift-log-oslog",
      "kind" : "remoteSourceControl",
      "location" : "https://github.com/chrisaljoudi/swift-log-oslog.git",
      "state" : {
        "revision" : "176d41d46429e79c806333025b226e0c50a0c602",
        "version" : "0.2.2"
      }
    },
    {
      "identity" : "swift-nio",
      "kind" : "remoteSourceControl",
      "location" : "https://github.com/apple/swift-nio.git",
      "state" : {
        "revision" : "663ddc80f2081c8f22e417cbac5f80270a93795e",
        "version" : "2.91.0"
      }
    },
    {
      "identity" : "swift-nio-ssl",
      "kind" : "remoteSourceControl",
      "location" : "https://github.com/apple/swift-nio-ssl.git",
      "state" : {
        "revision" : "173cc69a058623525a58ae6710e2f5727c663793",
        "version" : "2.36.0"
      }
    },
    {
      "identity" : "swift-system",
      "kind" : "remoteSourceControl",
      "location" : "https://github.com/apple/swift-system.git",
      "state" : {
        "revision" : "395a77f0aa927f0ff73941d7ac35f2b46d47c9db",
        "version" : "1.6.3"
      }
    }
  ],
  "version" : 3
}
