{
  "originHash" : "ba57fc907f725cd662cdfedbd7d3cfff35cf884d25b0c520466202dd03ca13c4",
  "pins" : [
    {
      "identity" : "starscream",
      "kind" : "remoteSourceControl",
      "location" : "https://github.com/daltoniam/Starscream.git",
      "state" : {
        "revision" : "c6bfd1af48efcc9a9ad203665db12375ba6b145a",
        "version" : "4.0.8"
      }
    },
    {
      "identity" : "swift-argument-parser",
      "kind" : "remoteSourceControl",
      "location" : "https://github.com/apple/swift-argument-parser.git",
      "state" : {
        "revision" : "46989693916f56d1186bd59ac15124caef896560",
        "version" : "1.3.1"
      }
    },
    {
      "identity" : "swift-log",
      "kind" : "remoteSourceControl",
      "location" : "https://github.com/apple/swift-log.git",
      "state" : {
        "revision" : "e97a6fcb1ab07462881ac165fdbb37f067e205d5",
        "version" : "1.5.4"
      }
    },
    {
      "identity" : "swift-log-oslog",
      "kind" : "remoteSourceControl",
      "location" : "https://github.com/chrisaljoudi/swift-log-oslog.git",
      "state" : {
        "revision" : "176d41d46429e79c806333025b226e0c50a0c602",
        "version" : "0.2.2"
      }
    }
  ],
  "version" : 3
}
